// !$*UTF8*$!
{
	archiveVersion = 1;
	classes = {
	};
	objectVersion = 46;
	objects = {

/* Begin PBXBuildFile section */
		0148EEBE1CDAAA24000DEFF8 /* ConfigFactory.swift in Sources */ = {isa = PBXBuildFile; fileRef = 0148EEAA1CDAAA18000DEFF8 /* ConfigFactory.swift */; };
		0148EEBF1CDAAA24000DEFF8 /* ConfigFactory.swift in Sources */ = {isa = PBXBuildFile; fileRef = 0148EEAA1CDAAA18000DEFF8 /* ConfigFactory.swift */; };
		807571BD1C88B53A00E7DA8A /* Alamofire.framework in Frameworks */ = {isa = PBXBuildFile; fileRef = 807571941C88B4F800E7DA8A /* Alamofire.framework */; };
		807571BE1C88B54500E7DA8A /* Models.framework in Frameworks */ = {isa = PBXBuildFile; fileRef = 807571A51C88B4FD00E7DA8A /* Models.framework */; };
		807571C21C88B56100E7DA8A /* Alamofire.framework in Frameworks */ = {isa = PBXBuildFile; fileRef = 8075718C1C88B4F800E7DA8A /* Alamofire.framework */; };
		807571C31C88B56500E7DA8A /* Models.framework in Frameworks */ = {isa = PBXBuildFile; fileRef = 807571A11C88B4FD00E7DA8A /* Models.framework */; };
		A713EC9D1C2C51B600B6234E /* ServerConfig.swift in Sources */ = {isa = PBXBuildFile; fileRef = A713EC9C1C2C51B600B6234E /* ServerConfig.swift */; };
		A713ECB81C2C59D400B6234E /* Method.swift in Sources */ = {isa = PBXBuildFile; fileRef = A713ECB71C2C59D400B6234E /* Method.swift */; };
		A71405081CAF49FF00A2795B /* CommentsEnvelope.swift in Sources */ = {isa = PBXBuildFile; fileRef = A71405071CAF49FF00A2795B /* CommentsEnvelope.swift */; };
		A71405091CAF49FF00A2795B /* CommentsEnvelope.swift in Sources */ = {isa = PBXBuildFile; fileRef = A71405071CAF49FF00A2795B /* CommentsEnvelope.swift */; };
		A7376B361CE3D549003B50E3 /* MessageThreadEnvelope.swift in Sources */ = {isa = PBXBuildFile; fileRef = A7376B351CE3D549003B50E3 /* MessageThreadEnvelope.swift */; };
		A7376B371CE3D549003B50E3 /* MessageThreadEnvelope.swift in Sources */ = {isa = PBXBuildFile; fileRef = A7376B351CE3D549003B50E3 /* MessageThreadEnvelope.swift */; };
		A745D05F1CA8B13900C12802 /* DiscoveryParamsTests.swift in Sources */ = {isa = PBXBuildFile; fileRef = A745D05E1CA8B13900C12802 /* DiscoveryParamsTests.swift */; };
		A745D0601CA8B13900C12802 /* DiscoveryParamsTests.swift in Sources */ = {isa = PBXBuildFile; fileRef = A745D05E1CA8B13900C12802 /* DiscoveryParamsTests.swift */; };
		A745D0621CA8B5D500C12802 /* ServiceTypeTests.swift in Sources */ = {isa = PBXBuildFile; fileRef = A745D0611CA8B5D500C12802 /* ServiceTypeTests.swift */; };
		A745D0631CA8B5D500C12802 /* ServiceTypeTests.swift in Sources */ = {isa = PBXBuildFile; fileRef = A745D0611CA8B5D500C12802 /* ServiceTypeTests.swift */; };
		A753B56C1C2EED9800FDB616 /* KsApiTests.swift in Sources */ = {isa = PBXBuildFile; fileRef = A753B56B1C2EED9800FDB616 /* KsApiTests.swift */; };
		A753B56E1C2EED9800FDB616 /* KsApi.framework in Frameworks */ = {isa = PBXBuildFile; fileRef = CA43C5F91BB358F200C180DA /* KsApi.framework */; };
		A75AB1991C8A3F6D002FC3E6 /* ActivityEnvelope.swift in Sources */ = {isa = PBXBuildFile; fileRef = A75AB1981C8A3F6D002FC3E6 /* ActivityEnvelope.swift */; };
		A75AB19A1C8A3F6D002FC3E6 /* ActivityEnvelope.swift in Sources */ = {isa = PBXBuildFile; fileRef = A75AB1981C8A3F6D002FC3E6 /* ActivityEnvelope.swift */; };
		A75EC8411CCBF0C3009BEC10 /* Config.swift in Sources */ = {isa = PBXBuildFile; fileRef = A75EC8401CCBF0C3009BEC10 /* Config.swift */; };
		A75EC8421CCBF0C3009BEC10 /* Config.swift in Sources */ = {isa = PBXBuildFile; fileRef = A75EC8401CCBF0C3009BEC10 /* Config.swift */; };
		A75EC8551CCBF0E7009BEC10 /* ConfigTests.swift in Sources */ = {isa = PBXBuildFile; fileRef = A75EC8541CCBF0E7009BEC10 /* ConfigTests.swift */; };
		A75EC8561CCBF0E7009BEC10 /* ConfigTests.swift in Sources */ = {isa = PBXBuildFile; fileRef = A75EC8541CCBF0E7009BEC10 /* ConfigTests.swift */; };
		A76077951CADBD95001B39D0 /* ErrorEnvelopeTests.swift in Sources */ = {isa = PBXBuildFile; fileRef = A76077941CADBD95001B39D0 /* ErrorEnvelopeTests.swift */; };
		A76077961CADBD95001B39D0 /* ErrorEnvelopeTests.swift in Sources */ = {isa = PBXBuildFile; fileRef = A76077941CADBD95001B39D0 /* ErrorEnvelopeTests.swift */; };
		A76077BF1CADC2CE001B39D0 /* KsApi_TestHelpers.framework in Frameworks */ = {isa = PBXBuildFile; fileRef = A7DB1D871C9F5401008244DA /* KsApi_TestHelpers.framework */; };
		A76077C21CADC2DD001B39D0 /* KsApi_TestHelpers.framework in Frameworks */ = {isa = PBXBuildFile; fileRef = A7DB1DA71C9F5848008244DA /* KsApi_TestHelpers.framework */; };
		A77967731C2B431C0002166F /* Service.swift in Sources */ = {isa = PBXBuildFile; fileRef = A77967631C2B431C0002166F /* Service.swift */; };
		A77967741C2B431C0002166F /* ServiceType.swift in Sources */ = {isa = PBXBuildFile; fileRef = A77967641C2B431C0002166F /* ServiceType.swift */; };
		A77967751C2B431C0002166F /* Alamofire.Request.swift in Sources */ = {isa = PBXBuildFile; fileRef = A77967661C2B431C0002166F /* Alamofire.Request.swift */; };
		A77967771C2B431C0002166F /* JSONObjectWithData.swift in Sources */ = {isa = PBXBuildFile; fileRef = A77967691C2B431C0002166F /* JSONObjectWithData.swift */; };
		A77967791C2B431C0002166F /* Route.swift in Sources */ = {isa = PBXBuildFile; fileRef = A779676B1C2B431C0002166F /* Route.swift */; };
		A779677A1C2B431C0002166F /* AccessTokenEnvelope.swift in Sources */ = {isa = PBXBuildFile; fileRef = A779676D1C2B431C0002166F /* AccessTokenEnvelope.swift */; };
		A779677B1C2B431C0002166F /* CategoriesEnvelope.swift in Sources */ = {isa = PBXBuildFile; fileRef = A779676E1C2B431C0002166F /* CategoriesEnvelope.swift */; };
		A779677C1C2B431C0002166F /* DiscoveryEnvelope.swift in Sources */ = {isa = PBXBuildFile; fileRef = A779676F1C2B431C0002166F /* DiscoveryEnvelope.swift */; };
		A779677D1C2B431C0002166F /* DiscoveryParams.swift in Sources */ = {isa = PBXBuildFile; fileRef = A77967701C2B431C0002166F /* DiscoveryParams.swift */; };
		A779677E1C2B431C0002166F /* ErrorEnvelope.swift in Sources */ = {isa = PBXBuildFile; fileRef = A77967711C2B431C0002166F /* ErrorEnvelope.swift */; };
		A779677F1C2B431C0002166F /* StarEnvelope.swift in Sources */ = {isa = PBXBuildFile; fileRef = A77967721C2B431C0002166F /* StarEnvelope.swift */; };
		A77967841C2B43950002166F /* BasicHTTPAuth.swift in Sources */ = {isa = PBXBuildFile; fileRef = A77967831C2B43950002166F /* BasicHTTPAuth.swift */; };
		A77967861C2B43EC0002166F /* ClientAuth.swift in Sources */ = {isa = PBXBuildFile; fileRef = A77967851C2B43EC0002166F /* ClientAuth.swift */; };
		A77967881C2B44440002166F /* OauthToken.swift in Sources */ = {isa = PBXBuildFile; fileRef = A77967871C2B44440002166F /* OauthToken.swift */; };
		A782BAE91C9F60D2007B13C8 /* Models_TestHelpers.framework in Frameworks */ = {isa = PBXBuildFile; fileRef = A7DB1D771C9F53D1008244DA /* Models_TestHelpers.framework */; };
		A782BAEA1C9F60D8007B13C8 /* KsApi.framework in Frameworks */ = {isa = PBXBuildFile; fileRef = CA43C5F91BB358F200C180DA /* KsApi.framework */; };
		A7937C571C8E3A5200502F7C /* ReactiveCocoa.framework in Frameworks */ = {isa = PBXBuildFile; fileRef = A7937C501C8E3A4100502F7C /* ReactiveCocoa.framework */; };
		A7937C5C1C8E3A7A00502F7C /* ReactiveCocoa.framework in Frameworks */ = {isa = PBXBuildFile; fileRef = A7937C561C8E3A4100502F7C /* ReactiveCocoa.framework */; };
		A7937C7A1C8E3E0900502F7C /* Result.framework in Frameworks */ = {isa = PBXBuildFile; fileRef = A7937C6D1C8E3DF500502F7C /* Result.framework */; };
		A7937C7D1C8E3E1D00502F7C /* Result.framework in Frameworks */ = {isa = PBXBuildFile; fileRef = A7937C711C8E3DF500502F7C /* Result.framework */; };
		A7A1CA951CDCCED30037AB20 /* MessageThreadsEnvelope.swift in Sources */ = {isa = PBXBuildFile; fileRef = A7A1CA941CDCCED30037AB20 /* MessageThreadsEnvelope.swift */; };
		A7A1CA961CDCCED30037AB20 /* MessageThreadsEnvelope.swift in Sources */ = {isa = PBXBuildFile; fileRef = A7A1CA941CDCCED30037AB20 /* MessageThreadsEnvelope.swift */; };
		A7BBF31D1C2F95E400AC62B4 /* ServiceTests.swift in Sources */ = {isa = PBXBuildFile; fileRef = A7BBF31C1C2F95E400AC62B4 /* ServiceTests.swift */; };
		A7DB1D901C9F540C008244DA /* MockService.swift in Sources */ = {isa = PBXBuildFile; fileRef = A7DB1D8F1C9F540C008244DA /* MockService.swift */; };
		A7DB1D931C9F541F008244DA /* KsApi.framework in Frameworks */ = {isa = PBXBuildFile; fileRef = A7FD099D1C83E74F00332CCB /* KsApi.framework */; };
		A7DB1D961C9F5473008244DA /* Models_TestHelpers.framework in Frameworks */ = {isa = PBXBuildFile; fileRef = A7DB1D751C9F53D1008244DA /* Models_TestHelpers.framework */; };
		A7DB1D9D1C9F5848008244DA /* MockService.swift in Sources */ = {isa = PBXBuildFile; fileRef = A7DB1D8F1C9F540C008244DA /* MockService.swift */; };
		A7E315A41C8891E2000DD85A /* Dictionary.swift in Sources */ = {isa = PBXBuildFile; fileRef = A7E315A31C8891E2000DD85A /* Dictionary.swift */; };
		A7E315A51C8891E2000DD85A /* Dictionary.swift in Sources */ = {isa = PBXBuildFile; fileRef = A7E315A31C8891E2000DD85A /* Dictionary.swift */; };
		A7FD09701C83E74F00332CCB /* ServiceType.swift in Sources */ = {isa = PBXBuildFile; fileRef = A77967641C2B431C0002166F /* ServiceType.swift */; };
		A7FD09711C83E74F00332CCB /* Alamofire.Request.swift in Sources */ = {isa = PBXBuildFile; fileRef = A77967661C2B431C0002166F /* Alamofire.Request.swift */; };
		A7FD09721C83E74F00332CCB /* OauthToken.swift in Sources */ = {isa = PBXBuildFile; fileRef = A77967871C2B44440002166F /* OauthToken.swift */; };
		A7FD09731C83E74F00332CCB /* StarEnvelope.swift in Sources */ = {isa = PBXBuildFile; fileRef = A77967721C2B431C0002166F /* StarEnvelope.swift */; };
		A7FD09741C83E74F00332CCB /* Route.swift in Sources */ = {isa = PBXBuildFile; fileRef = A779676B1C2B431C0002166F /* Route.swift */; };
		A7FD09751C83E74F00332CCB /* Service.swift in Sources */ = {isa = PBXBuildFile; fileRef = A77967631C2B431C0002166F /* Service.swift */; };
		A7FD09761C83E74F00332CCB /* CategoriesEnvelope.swift in Sources */ = {isa = PBXBuildFile; fileRef = A779676E1C2B431C0002166F /* CategoriesEnvelope.swift */; };
		A7FD09771C83E74F00332CCB /* Method.swift in Sources */ = {isa = PBXBuildFile; fileRef = A713ECB71C2C59D400B6234E /* Method.swift */; };
		A7FD09781C83E74F00332CCB /* ErrorEnvelope.swift in Sources */ = {isa = PBXBuildFile; fileRef = A77967711C2B431C0002166F /* ErrorEnvelope.swift */; };
		A7FD09791C83E74F00332CCB /* DiscoveryEnvelope.swift in Sources */ = {isa = PBXBuildFile; fileRef = A779676F1C2B431C0002166F /* DiscoveryEnvelope.swift */; };
		A7FD097A1C83E74F00332CCB /* AccessTokenEnvelope.swift in Sources */ = {isa = PBXBuildFile; fileRef = A779676D1C2B431C0002166F /* AccessTokenEnvelope.swift */; };
		A7FD097B1C83E74F00332CCB /* JSONObjectWithData.swift in Sources */ = {isa = PBXBuildFile; fileRef = A77967691C2B431C0002166F /* JSONObjectWithData.swift */; };
		A7FD097C1C83E74F00332CCB /* BasicHTTPAuth.swift in Sources */ = {isa = PBXBuildFile; fileRef = A77967831C2B43950002166F /* BasicHTTPAuth.swift */; };
		A7FD097D1C83E74F00332CCB /* ServerConfig.swift in Sources */ = {isa = PBXBuildFile; fileRef = A713EC9C1C2C51B600B6234E /* ServerConfig.swift */; };
		A7FD097F1C83E74F00332CCB /* ClientAuth.swift in Sources */ = {isa = PBXBuildFile; fileRef = A77967851C2B43EC0002166F /* ClientAuth.swift */; };
		A7FD09801C83E74F00332CCB /* DiscoveryParams.swift in Sources */ = {isa = PBXBuildFile; fileRef = A77967701C2B431C0002166F /* DiscoveryParams.swift */; };
		A7FD098B1C83E74F00332CCB /* KsApi.h in Headers */ = {isa = PBXBuildFile; fileRef = CA43C5FC1BB358F200C180DA /* KsApi.h */; settings = {ATTRIBUTES = (Public, ); }; };
		A7FD09C71C83E8E900332CCB /* ServiceTests.swift in Sources */ = {isa = PBXBuildFile; fileRef = A7BBF31C1C2F95E400AC62B4 /* ServiceTests.swift */; };
		A7FD09C81C83E8E900332CCB /* KsApiTests.swift in Sources */ = {isa = PBXBuildFile; fileRef = A753B56B1C2EED9800FDB616 /* KsApiTests.swift */; };
		A7FD09CA1C83E8E900332CCB /* KsApi.framework in Frameworks */ = {isa = PBXBuildFile; fileRef = CA43C5F91BB358F200C180DA /* KsApi.framework */; };
		CA43C5FD1BB358F200C180DA /* KsApi.h in Headers */ = {isa = PBXBuildFile; fileRef = CA43C5FC1BB358F200C180DA /* KsApi.h */; settings = {ATTRIBUTES = (Public, ); }; };
/* End PBXBuildFile section */

/* Begin PBXContainerItemProxy section */
		8075718B1C88B4F800E7DA8A /* PBXContainerItemProxy */ = {
			isa = PBXContainerItemProxy;
			containerPortal = 807571811C88B4F800E7DA8A /* Alamofire.xcodeproj */;
			proxyType = 2;
			remoteGlobalIDString = F8111E3319A95C8B0040E7D1;
			remoteInfo = "Alamofire iOS";
		};
		8075718D1C88B4F800E7DA8A /* PBXContainerItemProxy */ = {
			isa = PBXContainerItemProxy;
			containerPortal = 807571811C88B4F800E7DA8A /* Alamofire.xcodeproj */;
			proxyType = 2;
			remoteGlobalIDString = F8111E3E19A95C8B0040E7D1;
			remoteInfo = "Alamofire iOS Tests";
		};
		8075718F1C88B4F800E7DA8A /* PBXContainerItemProxy */ = {
			isa = PBXContainerItemProxy;
			containerPortal = 807571811C88B4F800E7DA8A /* Alamofire.xcodeproj */;
			proxyType = 2;
			remoteGlobalIDString = 4DD67C0B1A5C55C900ED2280;
			remoteInfo = "Alamofire OSX";
		};
		807571911C88B4F800E7DA8A /* PBXContainerItemProxy */ = {
			isa = PBXContainerItemProxy;
			containerPortal = 807571811C88B4F800E7DA8A /* Alamofire.xcodeproj */;
			proxyType = 2;
			remoteGlobalIDString = F829C6B21A7A94F100A2CD59;
			remoteInfo = "Alamofire OSX Tests";
		};
		807571931C88B4F800E7DA8A /* PBXContainerItemProxy */ = {
			isa = PBXContainerItemProxy;
			containerPortal = 807571811C88B4F800E7DA8A /* Alamofire.xcodeproj */;
			proxyType = 2;
			remoteGlobalIDString = 4CF626EF1BA7CB3E0011A099;
			remoteInfo = "Alamofire tvOS";
		};
		807571951C88B4F800E7DA8A /* PBXContainerItemProxy */ = {
			isa = PBXContainerItemProxy;
			containerPortal = 807571811C88B4F800E7DA8A /* Alamofire.xcodeproj */;
			proxyType = 2;
			remoteGlobalIDString = 4CF626F81BA7CB3E0011A099;
			remoteInfo = "Alamofire tvOS Tests";
		};
		807571971C88B4F800E7DA8A /* PBXContainerItemProxy */ = {
			isa = PBXContainerItemProxy;
			containerPortal = 807571811C88B4F800E7DA8A /* Alamofire.xcodeproj */;
			proxyType = 2;
			remoteGlobalIDString = E4202FE01B667AA100C997FB;
			remoteInfo = "Alamofire watchOS";
		};
		807571A01C88B4FD00E7DA8A /* PBXContainerItemProxy */ = {
			isa = PBXContainerItemProxy;
			containerPortal = 807571991C88B4FD00E7DA8A /* Models.xcodeproj */;
			proxyType = 2;
			remoteGlobalIDString = A7FD07AB1C81CBF600332CCB;
			remoteInfo = "Models-iOS";
		};
		807571A21C88B4FD00E7DA8A /* PBXContainerItemProxy */ = {
			isa = PBXContainerItemProxy;
			containerPortal = 807571991C88B4FD00E7DA8A /* Models.xcodeproj */;
			proxyType = 2;
			remoteGlobalIDString = A7FD07CD1C81CC1B00332CCB;
			remoteInfo = "Models-iOSTests";
		};
		807571A41C88B4FD00E7DA8A /* PBXContainerItemProxy */ = {
			isa = PBXContainerItemProxy;
			containerPortal = 807571991C88B4FD00E7DA8A /* Models.xcodeproj */;
			proxyType = 2;
			remoteGlobalIDString = CA43C5571BB3083900C180DA;
			remoteInfo = "Models-tvOS";
		};
		807571A61C88B4FD00E7DA8A /* PBXContainerItemProxy */ = {
			isa = PBXContainerItemProxy;
			containerPortal = 807571991C88B4FD00E7DA8A /* Models.xcodeproj */;
			proxyType = 2;
			remoteGlobalIDString = A753B5441C2EDC1D00FDB616;
			remoteInfo = "Models-tvOSTests";
		};
		807571B71C88B52A00E7DA8A /* PBXContainerItemProxy */ = {
			isa = PBXContainerItemProxy;
			containerPortal = 807571811C88B4F800E7DA8A /* Alamofire.xcodeproj */;
			proxyType = 1;
			remoteGlobalIDString = 4CF626EE1BA7CB3E0011A099;
			remoteInfo = "Alamofire tvOS";
		};
		807571B91C88B52D00E7DA8A /* PBXContainerItemProxy */ = {
			isa = PBXContainerItemProxy;
			containerPortal = 807571991C88B4FD00E7DA8A /* Models.xcodeproj */;
			proxyType = 1;
			remoteGlobalIDString = CA43C5561BB3083900C180DA;
			remoteInfo = "Models-tvOS";
		};
		807571C41C88B56800E7DA8A /* PBXContainerItemProxy */ = {
			isa = PBXContainerItemProxy;
			containerPortal = 807571811C88B4F800E7DA8A /* Alamofire.xcodeproj */;
			proxyType = 1;
			remoteGlobalIDString = F8111E3219A95C8B0040E7D1;
			remoteInfo = "Alamofire iOS";
		};
		807571C61C88B56C00E7DA8A /* PBXContainerItemProxy */ = {
			isa = PBXContainerItemProxy;
			containerPortal = 807571991C88B4FD00E7DA8A /* Models.xcodeproj */;
			proxyType = 1;
			remoteGlobalIDString = A7FD078E1C81CBF600332CCB;
			remoteInfo = "Models-iOS";
		};
		A753B56F1C2EED9800FDB616 /* PBXContainerItemProxy */ = {
			isa = PBXContainerItemProxy;
			containerPortal = CA43C5F01BB358F200C180DA /* Project object */;
			proxyType = 1;
			remoteGlobalIDString = CA43C5F81BB358F200C180DA;
			remoteInfo = "KsApi-tvOS";
		};
		A76077AC1CADC2C6001B39D0 /* PBXContainerItemProxy */ = {
			isa = PBXContainerItemProxy;
			containerPortal = CA43C5F01BB358F200C180DA /* Project object */;
			proxyType = 1;
			remoteGlobalIDString = A7DB1D861C9F5401008244DA;
			remoteInfo = "KsApi-TestHelpers-iOS";
		};
		A76077C01CADC2D4001B39D0 /* PBXContainerItemProxy */ = {
			isa = PBXContainerItemProxy;
			containerPortal = CA43C5F01BB358F200C180DA /* Project object */;
			proxyType = 1;
			remoteGlobalIDString = A7DB1D971C9F5848008244DA;
			remoteInfo = "KsApi-TestHelpers-tvOS";
		};
		A782BAE51C9F60BE007B13C8 /* PBXContainerItemProxy */ = {
			isa = PBXContainerItemProxy;
			containerPortal = CA43C5F01BB358F200C180DA /* Project object */;
			proxyType = 1;
			remoteGlobalIDString = CA43C5F81BB358F200C180DA;
			remoteInfo = "KsApi-tvOS";
		};
		A782BAE71C9F60C9007B13C8 /* PBXContainerItemProxy */ = {
			isa = PBXContainerItemProxy;
			containerPortal = 807571991C88B4FD00E7DA8A /* Models.xcodeproj */;
			proxyType = 1;
			remoteGlobalIDString = A7DB1CDD1C9F1644008244DA;
			remoteInfo = "Models-TestHelpers-tvOS";
		};
		A7937C4B1C8E3A4100502F7C /* PBXContainerItemProxy */ = {
			isa = PBXContainerItemProxy;
			containerPortal = A7937C421C8E3A4100502F7C /* ReactiveCocoa.xcodeproj */;
			proxyType = 2;
			remoteGlobalIDString = D04725EA19E49ED7006002AA;
			remoteInfo = "ReactiveCocoa-Mac";
		};
		A7937C4D1C8E3A4100502F7C /* PBXContainerItemProxy */ = {
			isa = PBXContainerItemProxy;
			containerPortal = A7937C421C8E3A4100502F7C /* ReactiveCocoa.xcodeproj */;
			proxyType = 2;
			remoteGlobalIDString = D04725F519E49ED7006002AA;
			remoteInfo = "ReactiveCocoa-MacTests";
		};
		A7937C4F1C8E3A4100502F7C /* PBXContainerItemProxy */ = {
			isa = PBXContainerItemProxy;
			containerPortal = A7937C421C8E3A4100502F7C /* ReactiveCocoa.xcodeproj */;
			proxyType = 2;
			remoteGlobalIDString = D047260C19E49F82006002AA;
			remoteInfo = "ReactiveCocoa-iOS";
		};
		A7937C511C8E3A4100502F7C /* PBXContainerItemProxy */ = {
			isa = PBXContainerItemProxy;
			containerPortal = A7937C421C8E3A4100502F7C /* ReactiveCocoa.xcodeproj */;
			proxyType = 2;
			remoteGlobalIDString = D047261619E49F82006002AA;
			remoteInfo = "ReactiveCocoa-iOSTests";
		};
		A7937C531C8E3A4100502F7C /* PBXContainerItemProxy */ = {
			isa = PBXContainerItemProxy;
			containerPortal = A7937C421C8E3A4100502F7C /* ReactiveCocoa.xcodeproj */;
			proxyType = 2;
			remoteGlobalIDString = A9B315541B3940610001CB9C;
			remoteInfo = "ReactiveCocoa-watchOS";
		};
		A7937C551C8E3A4100502F7C /* PBXContainerItemProxy */ = {
			isa = PBXContainerItemProxy;
			containerPortal = A7937C421C8E3A4100502F7C /* ReactiveCocoa.xcodeproj */;
			proxyType = 2;
			remoteGlobalIDString = 57A4D2411BA13D7A00F7D4B1;
			remoteInfo = "ReactiveCocoa-tvOS";
		};
		A7937C581C8E3A5E00502F7C /* PBXContainerItemProxy */ = {
			isa = PBXContainerItemProxy;
			containerPortal = A7937C421C8E3A4100502F7C /* ReactiveCocoa.xcodeproj */;
			proxyType = 1;
			remoteGlobalIDString = D047260B19E49F82006002AA;
			remoteInfo = "ReactiveCocoa-iOS";
		};
		A7937C5A1C8E3A6B00502F7C /* PBXContainerItemProxy */ = {
			isa = PBXContainerItemProxy;
			containerPortal = A7937C421C8E3A4100502F7C /* ReactiveCocoa.xcodeproj */;
			proxyType = 1;
			remoteGlobalIDString = 57A4D1AF1BA13D7A00F7D4B1;
			remoteInfo = "ReactiveCocoa-tvOS";
		};
		A7937C681C8E3DF500502F7C /* PBXContainerItemProxy */ = {
			isa = PBXContainerItemProxy;
			containerPortal = A7937C5D1C8E3DF500502F7C /* Result.xcodeproj */;
			proxyType = 2;
			remoteGlobalIDString = D45480571A9572F5009D7229;
			remoteInfo = "Result-Mac";
		};
		A7937C6A1C8E3DF500502F7C /* PBXContainerItemProxy */ = {
			isa = PBXContainerItemProxy;
			containerPortal = A7937C5D1C8E3DF500502F7C /* Result.xcodeproj */;
			proxyType = 2;
			remoteGlobalIDString = D45480671A9572F5009D7229;
			remoteInfo = "Result-MacTests";
		};
		A7937C6C1C8E3DF500502F7C /* PBXContainerItemProxy */ = {
			isa = PBXContainerItemProxy;
			containerPortal = A7937C5D1C8E3DF500502F7C /* Result.xcodeproj */;
			proxyType = 2;
			remoteGlobalIDString = D454807D1A957361009D7229;
			remoteInfo = "Result-iOS";
		};
		A7937C6E1C8E3DF500502F7C /* PBXContainerItemProxy */ = {
			isa = PBXContainerItemProxy;
			containerPortal = A7937C5D1C8E3DF500502F7C /* Result.xcodeproj */;
			proxyType = 2;
			remoteGlobalIDString = D45480871A957362009D7229;
			remoteInfo = "Result-iOSTests";
		};
		A7937C701C8E3DF500502F7C /* PBXContainerItemProxy */ = {
			isa = PBXContainerItemProxy;
			containerPortal = A7937C5D1C8E3DF500502F7C /* Result.xcodeproj */;
			proxyType = 2;
			remoteGlobalIDString = 57FCDE471BA280DC00130C48;
			remoteInfo = "Result-tvOS";
		};
		A7937C721C8E3DF500502F7C /* PBXContainerItemProxy */ = {
			isa = PBXContainerItemProxy;
			containerPortal = A7937C5D1C8E3DF500502F7C /* Result.xcodeproj */;
			proxyType = 2;
			remoteGlobalIDString = 57FCDE541BA280E000130C48;
			remoteInfo = "Result-tvOSTests";
		};
		A7937C741C8E3DF500502F7C /* PBXContainerItemProxy */ = {
			isa = PBXContainerItemProxy;
			containerPortal = A7937C5D1C8E3DF500502F7C /* Result.xcodeproj */;
			proxyType = 2;
			remoteGlobalIDString = D03579A31B2B788F005D26AE;
			remoteInfo = "Result-watchOS";
		};
		A7937C761C8E3DF500502F7C /* PBXContainerItemProxy */ = {
			isa = PBXContainerItemProxy;
			containerPortal = A7937C5D1C8E3DF500502F7C /* Result.xcodeproj */;
			proxyType = 2;
			remoteGlobalIDString = D03579B01B2B78A1005D26AE;
			remoteInfo = "Result-watchOSTests";
		};
		A7937C781C8E3E0000502F7C /* PBXContainerItemProxy */ = {
			isa = PBXContainerItemProxy;
			containerPortal = A7937C5D1C8E3DF500502F7C /* Result.xcodeproj */;
			proxyType = 1;
			remoteGlobalIDString = D454807C1A957361009D7229;
			remoteInfo = "Result-iOS";
		};
		A7937C7B1C8E3E1600502F7C /* PBXContainerItemProxy */ = {
			isa = PBXContainerItemProxy;
			containerPortal = A7937C5D1C8E3DF500502F7C /* Result.xcodeproj */;
			proxyType = 1;
			remoteGlobalIDString = 57FCDE3C1BA280DC00130C48;
			remoteInfo = "Result-tvOS";
		};
		A7DB1D741C9F53D1008244DA /* PBXContainerItemProxy */ = {
			isa = PBXContainerItemProxy;
			containerPortal = 807571991C88B4FD00E7DA8A /* Models.xcodeproj */;
			proxyType = 2;
			remoteGlobalIDString = A7DB1CA21C9F1046008244DA;
			remoteInfo = "Models-iOS-TestHelpers";
		};
		A7DB1D761C9F53D1008244DA /* PBXContainerItemProxy */ = {
			isa = PBXContainerItemProxy;
			containerPortal = 807571991C88B4FD00E7DA8A /* Models.xcodeproj */;
			proxyType = 2;
			remoteGlobalIDString = A7DB1CF21C9F1644008244DA;
			remoteInfo = "Models-tvOS-TestHelpers";
		};
		A7DB1D911C9F5419008244DA /* PBXContainerItemProxy */ = {
			isa = PBXContainerItemProxy;
			containerPortal = CA43C5F01BB358F200C180DA /* Project object */;
			proxyType = 1;
			remoteGlobalIDString = A7FD096E1C83E74F00332CCB;
			remoteInfo = "KsApi-iOS";
		};
		A7DB1D941C9F546D008244DA /* PBXContainerItemProxy */ = {
			isa = PBXContainerItemProxy;
			containerPortal = 807571991C88B4FD00E7DA8A /* Models.xcodeproj */;
			proxyType = 1;
			remoteGlobalIDString = A7DB1CA11C9F1046008244DA;
			remoteInfo = "Models-iOS-TestHelpers";
		};
		A7FD09D41C83E8FE00332CCB /* PBXContainerItemProxy */ = {
			isa = PBXContainerItemProxy;
			containerPortal = CA43C5F01BB358F200C180DA /* Project object */;
			proxyType = 1;
			remoteGlobalIDString = A7FD096E1C83E74F00332CCB;
			remoteInfo = "KsApi-iOS";
		};
/* End PBXContainerItemProxy section */

/* Begin PBXFileReference section */
		0148EEAA1CDAAA18000DEFF8 /* ConfigFactory.swift */ = {isa = PBXFileReference; fileEncoding = 4; lastKnownFileType = sourcecode.swift; path = ConfigFactory.swift; sourceTree = "<group>"; };
		807571811C88B4F800E7DA8A /* Alamofire.xcodeproj */ = {isa = PBXFileReference; lastKnownFileType = "wrapper.pb-project"; name = Alamofire.xcodeproj; path = Frameworks/Alamofire/Alamofire.xcodeproj; sourceTree = "<group>"; };
		807571991C88B4FD00E7DA8A /* Models.xcodeproj */ = {isa = PBXFileReference; lastKnownFileType = "wrapper.pb-project"; name = Models.xcodeproj; path = Frameworks/Models/Models.xcodeproj; sourceTree = "<group>"; };
		A713EC9C1C2C51B600B6234E /* ServerConfig.swift */ = {isa = PBXFileReference; fileEncoding = 4; lastKnownFileType = sourcecode.swift; lineEnding = 0; path = ServerConfig.swift; sourceTree = "<group>"; xcLanguageSpecificationIdentifier = xcode.lang.swift; };
		A713ECB71C2C59D400B6234E /* Method.swift */ = {isa = PBXFileReference; fileEncoding = 4; lastKnownFileType = sourcecode.swift; lineEnding = 0; path = Method.swift; sourceTree = "<group>"; xcLanguageSpecificationIdentifier = xcode.lang.swift; };
		A71405071CAF49FF00A2795B /* CommentsEnvelope.swift */ = {isa = PBXFileReference; fileEncoding = 4; lastKnownFileType = sourcecode.swift; path = CommentsEnvelope.swift; sourceTree = "<group>"; };
		A7376B351CE3D549003B50E3 /* MessageThreadEnvelope.swift */ = {isa = PBXFileReference; fileEncoding = 4; lastKnownFileType = sourcecode.swift; path = MessageThreadEnvelope.swift; sourceTree = "<group>"; };
		A7378CCC1C809A7500F0A562 /* KsApi.playground */ = {isa = PBXFileReference; lastKnownFileType = file.playground; path = KsApi.playground; sourceTree = "<group>"; };
		A745D05E1CA8B13900C12802 /* DiscoveryParamsTests.swift */ = {isa = PBXFileReference; fileEncoding = 4; lastKnownFileType = sourcecode.swift; lineEnding = 0; path = DiscoveryParamsTests.swift; sourceTree = "<group>"; xcLanguageSpecificationIdentifier = xcode.lang.swift; };
		A745D0611CA8B5D500C12802 /* ServiceTypeTests.swift */ = {isa = PBXFileReference; fileEncoding = 4; lastKnownFileType = sourcecode.swift; lineEnding = 0; path = ServiceTypeTests.swift; sourceTree = "<group>"; xcLanguageSpecificationIdentifier = xcode.lang.swift; };
		A753B5691C2EED9800FDB616 /* KsApi-tvOSTests.xctest */ = {isa = PBXFileReference; explicitFileType = wrapper.cfbundle; includeInIndex = 0; path = "KsApi-tvOSTests.xctest"; sourceTree = BUILT_PRODUCTS_DIR; };
		A753B56B1C2EED9800FDB616 /* KsApiTests.swift */ = {isa = PBXFileReference; lastKnownFileType = sourcecode.swift; path = KsApiTests.swift; sourceTree = "<group>"; };
		A753B56D1C2EED9800FDB616 /* Info.plist */ = {isa = PBXFileReference; lastKnownFileType = text.plist.xml; path = Info.plist; sourceTree = "<group>"; };
		A75AB1981C8A3F6D002FC3E6 /* ActivityEnvelope.swift */ = {isa = PBXFileReference; fileEncoding = 4; lastKnownFileType = sourcecode.swift; path = ActivityEnvelope.swift; sourceTree = "<group>"; };
		A75EC8401CCBF0C3009BEC10 /* Config.swift */ = {isa = PBXFileReference; fileEncoding = 4; lastKnownFileType = sourcecode.swift; path = Config.swift; sourceTree = "<group>"; };
		A75EC8541CCBF0E7009BEC10 /* ConfigTests.swift */ = {isa = PBXFileReference; fileEncoding = 4; lastKnownFileType = sourcecode.swift; path = ConfigTests.swift; sourceTree = "<group>"; };
		A76077941CADBD95001B39D0 /* ErrorEnvelopeTests.swift */ = {isa = PBXFileReference; fileEncoding = 4; lastKnownFileType = sourcecode.swift; path = ErrorEnvelopeTests.swift; sourceTree = "<group>"; };
		A77967631C2B431C0002166F /* Service.swift */ = {isa = PBXFileReference; fileEncoding = 4; lastKnownFileType = sourcecode.swift; path = Service.swift; sourceTree = "<group>"; };
		A77967641C2B431C0002166F /* ServiceType.swift */ = {isa = PBXFileReference; fileEncoding = 4; lastKnownFileType = sourcecode.swift; path = ServiceType.swift; sourceTree = "<group>"; };
		A77967661C2B431C0002166F /* Alamofire.Request.swift */ = {isa = PBXFileReference; fileEncoding = 4; lastKnownFileType = sourcecode.swift; path = Alamofire.Request.swift; sourceTree = "<group>"; };
		A77967691C2B431C0002166F /* JSONObjectWithData.swift */ = {isa = PBXFileReference; fileEncoding = 4; lastKnownFileType = sourcecode.swift; path = JSONObjectWithData.swift; sourceTree = "<group>"; };
		A779676B1C2B431C0002166F /* Route.swift */ = {isa = PBXFileReference; fileEncoding = 4; lastKnownFileType = sourcecode.swift; path = Route.swift; sourceTree = "<group>"; };
		A779676D1C2B431C0002166F /* AccessTokenEnvelope.swift */ = {isa = PBXFileReference; fileEncoding = 4; lastKnownFileType = sourcecode.swift; lineEnding = 0; path = AccessTokenEnvelope.swift; sourceTree = "<group>"; xcLanguageSpecificationIdentifier = xcode.lang.swift; };
		A779676E1C2B431C0002166F /* CategoriesEnvelope.swift */ = {isa = PBXFileReference; fileEncoding = 4; lastKnownFileType = sourcecode.swift; lineEnding = 0; path = CategoriesEnvelope.swift; sourceTree = "<group>"; xcLanguageSpecificationIdentifier = xcode.lang.swift; };
		A779676F1C2B431C0002166F /* DiscoveryEnvelope.swift */ = {isa = PBXFileReference; fileEncoding = 4; lastKnownFileType = sourcecode.swift; lineEnding = 0; path = DiscoveryEnvelope.swift; sourceTree = "<group>"; xcLanguageSpecificationIdentifier = xcode.lang.swift; };
		A77967701C2B431C0002166F /* DiscoveryParams.swift */ = {isa = PBXFileReference; fileEncoding = 4; lastKnownFileType = sourcecode.swift; lineEnding = 0; path = DiscoveryParams.swift; sourceTree = "<group>"; xcLanguageSpecificationIdentifier = xcode.lang.swift; };
		A77967711C2B431C0002166F /* ErrorEnvelope.swift */ = {isa = PBXFileReference; fileEncoding = 4; lastKnownFileType = sourcecode.swift; lineEnding = 0; path = ErrorEnvelope.swift; sourceTree = "<group>"; xcLanguageSpecificationIdentifier = xcode.lang.swift; };
		A77967721C2B431C0002166F /* StarEnvelope.swift */ = {isa = PBXFileReference; fileEncoding = 4; lastKnownFileType = sourcecode.swift; lineEnding = 0; path = StarEnvelope.swift; sourceTree = "<group>"; xcLanguageSpecificationIdentifier = xcode.lang.swift; };
		A77967831C2B43950002166F /* BasicHTTPAuth.swift */ = {isa = PBXFileReference; fileEncoding = 4; lastKnownFileType = sourcecode.swift; lineEnding = 0; path = BasicHTTPAuth.swift; sourceTree = "<group>"; xcLanguageSpecificationIdentifier = xcode.lang.swift; };
		A77967851C2B43EC0002166F /* ClientAuth.swift */ = {isa = PBXFileReference; fileEncoding = 4; lastKnownFileType = sourcecode.swift; lineEnding = 0; path = ClientAuth.swift; sourceTree = "<group>"; xcLanguageSpecificationIdentifier = xcode.lang.swift; };
		A77967871C2B44440002166F /* OauthToken.swift */ = {isa = PBXFileReference; fileEncoding = 4; lastKnownFileType = sourcecode.swift; lineEnding = 0; path = OauthToken.swift; sourceTree = "<group>"; xcLanguageSpecificationIdentifier = xcode.lang.swift; };
		A7937C421C8E3A4100502F7C /* ReactiveCocoa.xcodeproj */ = {isa = PBXFileReference; lastKnownFileType = "wrapper.pb-project"; name = ReactiveCocoa.xcodeproj; path = Frameworks/ReactiveExtensions/Frameworks/ReactiveCocoa/ReactiveCocoa.xcodeproj; sourceTree = "<group>"; };
		A7937C5D1C8E3DF500502F7C /* Result.xcodeproj */ = {isa = PBXFileReference; lastKnownFileType = "wrapper.pb-project"; name = Result.xcodeproj; path = Frameworks/ReactiveExtensions/Frameworks/ReactiveCocoa/Carthage/Checkouts/Result/Result.xcodeproj; sourceTree = "<group>"; };
		A7A1CA941CDCCED30037AB20 /* MessageThreadsEnvelope.swift */ = {isa = PBXFileReference; fileEncoding = 4; lastKnownFileType = sourcecode.swift; path = MessageThreadsEnvelope.swift; sourceTree = "<group>"; };
		A7BBF31C1C2F95E400AC62B4 /* ServiceTests.swift */ = {isa = PBXFileReference; fileEncoding = 4; lastKnownFileType = sourcecode.swift; lineEnding = 0; path = ServiceTests.swift; sourceTree = "<group>"; xcLanguageSpecificationIdentifier = xcode.lang.swift; };
		A7DB1D871C9F5401008244DA /* KsApi_TestHelpers.framework */ = {isa = PBXFileReference; explicitFileType = wrapper.framework; includeInIndex = 0; path = KsApi_TestHelpers.framework; sourceTree = BUILT_PRODUCTS_DIR; };
		A7DB1D8F1C9F540C008244DA /* MockService.swift */ = {isa = PBXFileReference; fileEncoding = 4; lastKnownFileType = sourcecode.swift; lineEnding = 0; path = MockService.swift; sourceTree = "<group>"; xcLanguageSpecificationIdentifier = xcode.lang.swift; };
		A7DB1DA71C9F5848008244DA /* KsApi_TestHelpers.framework */ = {isa = PBXFileReference; explicitFileType = wrapper.framework; includeInIndex = 0; path = KsApi_TestHelpers.framework; sourceTree = BUILT_PRODUCTS_DIR; };
		A7E315A31C8891E2000DD85A /* Dictionary.swift */ = {isa = PBXFileReference; fileEncoding = 4; lastKnownFileType = sourcecode.swift; path = Dictionary.swift; sourceTree = "<group>"; };
		A7FD099D1C83E74F00332CCB /* KsApi.framework */ = {isa = PBXFileReference; explicitFileType = wrapper.framework; includeInIndex = 0; path = KsApi.framework; sourceTree = BUILT_PRODUCTS_DIR; };
		A7FD09D21C83E8E900332CCB /* KsApi-iOSTests.xctest */ = {isa = PBXFileReference; explicitFileType = wrapper.cfbundle; includeInIndex = 0; path = "KsApi-iOSTests.xctest"; sourceTree = BUILT_PRODUCTS_DIR; };
		CA43C5F91BB358F200C180DA /* KsApi.framework */ = {isa = PBXFileReference; explicitFileType = wrapper.framework; includeInIndex = 0; path = KsApi.framework; sourceTree = BUILT_PRODUCTS_DIR; };
		CA43C5FC1BB358F200C180DA /* KsApi.h */ = {isa = PBXFileReference; lastKnownFileType = sourcecode.c.h; path = KsApi.h; sourceTree = "<group>"; };
		CA43C5FE1BB358F200C180DA /* Info.plist */ = {isa = PBXFileReference; lastKnownFileType = text.plist.xml; path = Info.plist; sourceTree = "<group>"; };
/* End PBXFileReference section */

/* Begin PBXFrameworksBuildPhase section */
		A753B5661C2EED9800FDB616 /* Frameworks */ = {
			isa = PBXFrameworksBuildPhase;
			buildActionMask = 2147483647;
			files = (
				A76077C21CADC2DD001B39D0 /* KsApi_TestHelpers.framework in Frameworks */,
				A753B56E1C2EED9800FDB616 /* KsApi.framework in Frameworks */,
			);
			runOnlyForDeploymentPostprocessing = 0;
		};
		A7DB1D831C9F5401008244DA /* Frameworks */ = {
			isa = PBXFrameworksBuildPhase;
			buildActionMask = 2147483647;
			files = (
				A7DB1D961C9F5473008244DA /* Models_TestHelpers.framework in Frameworks */,
				A7DB1D931C9F541F008244DA /* KsApi.framework in Frameworks */,
			);
			runOnlyForDeploymentPostprocessing = 0;
		};
		A7DB1D9E1C9F5848008244DA /* Frameworks */ = {
			isa = PBXFrameworksBuildPhase;
			buildActionMask = 2147483647;
			files = (
				A782BAEA1C9F60D8007B13C8 /* KsApi.framework in Frameworks */,
				A782BAE91C9F60D2007B13C8 /* Models_TestHelpers.framework in Frameworks */,
			);
			runOnlyForDeploymentPostprocessing = 0;
		};
		A7FD09811C83E74F00332CCB /* Frameworks */ = {
			isa = PBXFrameworksBuildPhase;
			buildActionMask = 2147483647;
			files = (
				807571C21C88B56100E7DA8A /* Alamofire.framework in Frameworks */,
				807571C31C88B56500E7DA8A /* Models.framework in Frameworks */,
				A7937C571C8E3A5200502F7C /* ReactiveCocoa.framework in Frameworks */,
				A7937C7A1C8E3E0900502F7C /* Result.framework in Frameworks */,
			);
			runOnlyForDeploymentPostprocessing = 0;
		};
		A7FD09C91C83E8E900332CCB /* Frameworks */ = {
			isa = PBXFrameworksBuildPhase;
			buildActionMask = 2147483647;
			files = (
				A76077BF1CADC2CE001B39D0 /* KsApi_TestHelpers.framework in Frameworks */,
				A7FD09CA1C83E8E900332CCB /* KsApi.framework in Frameworks */,
			);
			runOnlyForDeploymentPostprocessing = 0;
		};
		CA43C5F51BB358F200C180DA /* Frameworks */ = {
			isa = PBXFrameworksBuildPhase;
			buildActionMask = 2147483647;
			files = (
				807571BD1C88B53A00E7DA8A /* Alamofire.framework in Frameworks */,
				807571BE1C88B54500E7DA8A /* Models.framework in Frameworks */,
				A7937C5C1C8E3A7A00502F7C /* ReactiveCocoa.framework in Frameworks */,
				A7937C7D1C8E3E1D00502F7C /* Result.framework in Frameworks */,
			);
			runOnlyForDeploymentPostprocessing = 0;
		};
/* End PBXFrameworksBuildPhase section */

/* Begin PBXGroup section */
		807571821C88B4F800E7DA8A /* Products */ = {
			isa = PBXGroup;
			children = (
				8075718C1C88B4F800E7DA8A /* Alamofire.framework */,
				8075718E1C88B4F800E7DA8A /* Alamofire iOS Tests.xctest */,
				807571901C88B4F800E7DA8A /* Alamofire.framework */,
				807571921C88B4F800E7DA8A /* Alamofire OSX Tests.xctest */,
				807571941C88B4F800E7DA8A /* Alamofire.framework */,
				807571961C88B4F800E7DA8A /* Alamofire tvOS Tests.xctest */,
				807571981C88B4F800E7DA8A /* Alamofire.framework */,
			);
			name = Products;
			sourceTree = "<group>";
		};
		8075719A1C88B4FD00E7DA8A /* Products */ = {
			isa = PBXGroup;
			children = (
				807571A11C88B4FD00E7DA8A /* Models.framework */,
				807571A31C88B4FD00E7DA8A /* Models-iOSTests.xctest */,
				807571A51C88B4FD00E7DA8A /* Models.framework */,
				807571A71C88B4FD00E7DA8A /* Models-tvOSTests.xctest */,
				A7DB1D751C9F53D1008244DA /* Models_TestHelpers.framework */,
				A7DB1D771C9F53D1008244DA /* Models_TestHelpers.framework */,
			);
			name = Products;
			sourceTree = "<group>";
		};
		A745D05D1CA8B13900C12802 /* models */ = {
			isa = PBXGroup;
			children = (
				A75EC8541CCBF0E7009BEC10 /* ConfigTests.swift */,
				A745D05E1CA8B13900C12802 /* DiscoveryParamsTests.swift */,
				A76077941CADBD95001B39D0 /* ErrorEnvelopeTests.swift */,
			);
			path = models;
			sourceTree = "<group>";
		};
		A753B56A1C2EED9800FDB616 /* KsApiTests */ = {
			isa = PBXGroup;
			children = (
				A753B56D1C2EED9800FDB616 /* Info.plist */,
				A753B56B1C2EED9800FDB616 /* KsApiTests.swift */,
				A7BBF31C1C2F95E400AC62B4 /* ServiceTests.swift */,
				A745D0611CA8B5D500C12802 /* ServiceTypeTests.swift */,
				A745D05D1CA8B13900C12802 /* models */,
				A7B694441C87AAAA00C49A4F /* TestHelpers */,
			);
			path = KsApiTests;
			sourceTree = "<group>";
		};
		A77967651C2B431C0002166F /* extensions */ = {
			isa = PBXGroup;
			children = (
				A77967661C2B431C0002166F /* Alamofire.Request.swift */,
				A7E315A31C8891E2000DD85A /* Dictionary.swift */,
			);
			path = extensions;
			sourceTree = "<group>";
		};
		A77967671C2B431C0002166F /* lib */ = {
			isa = PBXGroup;
			children = (
				A77967801C2B43840002166F /* auth */,
				A77967691C2B431C0002166F /* JSONObjectWithData.swift */,
				A779676B1C2B431C0002166F /* Route.swift */,
				A713ECB71C2C59D400B6234E /* Method.swift */,
			);
			path = lib;
			sourceTree = "<group>";
		};
		A779676C1C2B431C0002166F /* models */ = {
			isa = PBXGroup;
			children = (
				A779676D1C2B431C0002166F /* AccessTokenEnvelope.swift */,
				A75AB1981C8A3F6D002FC3E6 /* ActivityEnvelope.swift */,
				A779676E1C2B431C0002166F /* CategoriesEnvelope.swift */,
				A71405071CAF49FF00A2795B /* CommentsEnvelope.swift */,
				A75EC8401CCBF0C3009BEC10 /* Config.swift */,
				A779676F1C2B431C0002166F /* DiscoveryEnvelope.swift */,
				A77967701C2B431C0002166F /* DiscoveryParams.swift */,
				A77967711C2B431C0002166F /* ErrorEnvelope.swift */,
				A7376B351CE3D549003B50E3 /* MessageThreadEnvelope.swift */,
				A7A1CA941CDCCED30037AB20 /* MessageThreadsEnvelope.swift */,
				A77967721C2B431C0002166F /* StarEnvelope.swift */,
			);
			path = models;
			sourceTree = "<group>";
		};
		A77967801C2B43840002166F /* auth */ = {
			isa = PBXGroup;
			children = (
				A77967831C2B43950002166F /* BasicHTTPAuth.swift */,
				A77967851C2B43EC0002166F /* ClientAuth.swift */,
				A77967871C2B44440002166F /* OauthToken.swift */,
			);
			path = auth;
			sourceTree = "<group>";
		};
		A7937C431C8E3A4100502F7C /* Products */ = {
			isa = PBXGroup;
			children = (
				A7937C4C1C8E3A4100502F7C /* ReactiveCocoa.framework */,
				A7937C4E1C8E3A4100502F7C /* ReactiveCocoaTests.xctest */,
				A7937C501C8E3A4100502F7C /* ReactiveCocoa.framework */,
				A7937C521C8E3A4100502F7C /* ReactiveCocoaTests.xctest */,
				A7937C541C8E3A4100502F7C /* ReactiveCocoa.framework */,
				A7937C561C8E3A4100502F7C /* ReactiveCocoa.framework */,
			);
			name = Products;
			sourceTree = "<group>";
		};
		A7937C5E1C8E3DF500502F7C /* Products */ = {
			isa = PBXGroup;
			children = (
				A7937C691C8E3DF500502F7C /* Result.framework */,
				A7937C6B1C8E3DF500502F7C /* Result-MacTests.xctest */,
				A7937C6D1C8E3DF500502F7C /* Result.framework */,
				A7937C6F1C8E3DF500502F7C /* Result-iOSTests.xctest */,
				A7937C711C8E3DF500502F7C /* Result.framework */,
				A7937C731C8E3DF500502F7C /* Result-tvOSTests.xctest */,
				A7937C751C8E3DF500502F7C /* Result.framework */,
				A7937C771C8E3DF500502F7C /* Result-watchOSTests.xctest */,
			);
			name = Products;
			sourceTree = "<group>";
		};
		A7B694441C87AAAA00C49A4F /* TestHelpers */ = {
			isa = PBXGroup;
			children = (
				0148EEAA1CDAAA18000DEFF8 /* ConfigFactory.swift */,
				A7DB1D8F1C9F540C008244DA /* MockService.swift */,
			);
			path = TestHelpers;
			sourceTree = "<group>";
		};
		A7FD099F1C83E77B00332CCB /* Frameworks */ = {
			isa = PBXGroup;
			children = (
				807571811C88B4F800E7DA8A /* Alamofire.xcodeproj */,
				807571991C88B4FD00E7DA8A /* Models.xcodeproj */,
				A7937C421C8E3A4100502F7C /* ReactiveCocoa.xcodeproj */,
				A7937C5D1C8E3DF500502F7C /* Result.xcodeproj */,
			);
			name = Frameworks;
			sourceTree = "<group>";
		};
		CA43C5EF1BB358F200C180DA = {
			isa = PBXGroup;
			children = (
				A7378CCC1C809A7500F0A562 /* KsApi.playground */,
				A7FD099F1C83E77B00332CCB /* Frameworks */,
				CA43C5FB1BB358F200C180DA /* KsApi */,
				A753B56A1C2EED9800FDB616 /* KsApiTests */,
				CA43C5FA1BB358F200C180DA /* Products */,
			);
			sourceTree = "<group>";
		};
		CA43C5FA1BB358F200C180DA /* Products */ = {
			isa = PBXGroup;
			children = (
				CA43C5F91BB358F200C180DA /* KsApi.framework */,
				A753B5691C2EED9800FDB616 /* KsApi-tvOSTests.xctest */,
				A7FD099D1C83E74F00332CCB /* KsApi.framework */,
				A7FD09D21C83E8E900332CCB /* KsApi-iOSTests.xctest */,
				A7DB1D871C9F5401008244DA /* KsApi_TestHelpers.framework */,
				A7DB1DA71C9F5848008244DA /* KsApi_TestHelpers.framework */,
			);
			name = Products;
			sourceTree = "<group>";
		};
		CA43C5FB1BB358F200C180DA /* KsApi */ = {
			isa = PBXGroup;
			children = (
				CA43C5FC1BB358F200C180DA /* KsApi.h */,
				CA43C5FE1BB358F200C180DA /* Info.plist */,
				A713EC9C1C2C51B600B6234E /* ServerConfig.swift */,
				A77967631C2B431C0002166F /* Service.swift */,
				A77967641C2B431C0002166F /* ServiceType.swift */,
				A77967651C2B431C0002166F /* extensions */,
				A77967671C2B431C0002166F /* lib */,
				A779676C1C2B431C0002166F /* models */,
			);
			path = KsApi;
			sourceTree = "<group>";
		};
/* End PBXGroup section */

/* Begin PBXHeadersBuildPhase section */
		A7DB1D841C9F5401008244DA /* Headers */ = {
			isa = PBXHeadersBuildPhase;
			buildActionMask = 2147483647;
			files = (
			);
			runOnlyForDeploymentPostprocessing = 0;
		};
		A7DB1DA11C9F5848008244DA /* Headers */ = {
			isa = PBXHeadersBuildPhase;
			buildActionMask = 2147483647;
			files = (
			);
			runOnlyForDeploymentPostprocessing = 0;
		};
		A7FD098A1C83E74F00332CCB /* Headers */ = {
			isa = PBXHeadersBuildPhase;
			buildActionMask = 2147483647;
			files = (
				A7FD098B1C83E74F00332CCB /* KsApi.h in Headers */,
			);
			runOnlyForDeploymentPostprocessing = 0;
		};
		CA43C5F61BB358F200C180DA /* Headers */ = {
			isa = PBXHeadersBuildPhase;
			buildActionMask = 2147483647;
			files = (
				CA43C5FD1BB358F200C180DA /* KsApi.h in Headers */,
			);
			runOnlyForDeploymentPostprocessing = 0;
		};
/* End PBXHeadersBuildPhase section */

/* Begin PBXNativeTarget section */
		A753B5681C2EED9800FDB616 /* KsApi-tvOSTests */ = {
			isa = PBXNativeTarget;
			buildConfigurationList = A753B5711C2EED9800FDB616 /* Build configuration list for PBXNativeTarget "KsApi-tvOSTests" */;
			buildPhases = (
				A753B5651C2EED9800FDB616 /* Sources */,
				A753B5661C2EED9800FDB616 /* Frameworks */,
				A753B5671C2EED9800FDB616 /* Resources */,
			);
			buildRules = (
			);
			dependencies = (
				A76077C11CADC2D4001B39D0 /* PBXTargetDependency */,
				A753B5701C2EED9800FDB616 /* PBXTargetDependency */,
			);
			name = "KsApi-tvOSTests";
			productName = KsApiTests;
			productReference = A753B5691C2EED9800FDB616 /* KsApi-tvOSTests.xctest */;
			productType = "com.apple.product-type.bundle.unit-test";
		};
		A7DB1D861C9F5401008244DA /* KsApi-TestHelpers-iOS */ = {
			isa = PBXNativeTarget;
			buildConfigurationList = A7DB1D8C1C9F5401008244DA /* Build configuration list for PBXNativeTarget "KsApi-TestHelpers-iOS" */;
			buildPhases = (
				A7DB1D821C9F5401008244DA /* Sources */,
				A7DB1D831C9F5401008244DA /* Frameworks */,
				A7DB1D841C9F5401008244DA /* Headers */,
				A7DB1D851C9F5401008244DA /* Resources */,
			);
			buildRules = (
			);
			dependencies = (
				A7DB1D951C9F546D008244DA /* PBXTargetDependency */,
				A7DB1D921C9F5419008244DA /* PBXTargetDependency */,
			);
			name = "KsApi-TestHelpers-iOS";
			productName = "KsApi-TestHelpers-iOS";
			productReference = A7DB1D871C9F5401008244DA /* KsApi_TestHelpers.framework */;
			productType = "com.apple.product-type.framework";
		};
		A7DB1D971C9F5848008244DA /* KsApi-TestHelpers-tvOS */ = {
			isa = PBXNativeTarget;
			buildConfigurationList = A7DB1DA41C9F5848008244DA /* Build configuration list for PBXNativeTarget "KsApi-TestHelpers-tvOS" */;
			buildPhases = (
				A7DB1D9C1C9F5848008244DA /* Sources */,
				A7DB1D9E1C9F5848008244DA /* Frameworks */,
				A7DB1DA11C9F5848008244DA /* Headers */,
				A7DB1DA31C9F5848008244DA /* Resources */,
			);
			buildRules = (
			);
			dependencies = (
				A782BAE81C9F60C9007B13C8 /* PBXTargetDependency */,
				A782BAE61C9F60BE007B13C8 /* PBXTargetDependency */,
			);
			name = "KsApi-TestHelpers-tvOS";
			productName = "KsApi-TestHelpers-iOS";
			productReference = A7DB1DA71C9F5848008244DA /* KsApi_TestHelpers.framework */;
			productType = "com.apple.product-type.framework";
		};
		A7FD096E1C83E74F00332CCB /* KsApi-iOS */ = {
			isa = PBXNativeTarget;
			buildConfigurationList = A7FD09971C83E74F00332CCB /* Build configuration list for PBXNativeTarget "KsApi-iOS" */;
			buildPhases = (
				A7FD096F1C83E74F00332CCB /* Sources */,
				A7FD09811C83E74F00332CCB /* Frameworks */,
				A7FD098A1C83E74F00332CCB /* Headers */,
				A7FD098C1C83E74F00332CCB /* Resources */,
				A78538EE1CB6DB6200385B73 /* swiftlint */,
			);
			buildRules = (
			);
			dependencies = (
				807571C51C88B56800E7DA8A /* PBXTargetDependency */,
				807571C71C88B56C00E7DA8A /* PBXTargetDependency */,
				A7937C591C8E3A5E00502F7C /* PBXTargetDependency */,
				A7937C791C8E3E0000502F7C /* PBXTargetDependency */,
			);
			name = "KsApi-iOS";
			productName = KsApi;
			productReference = A7FD099D1C83E74F00332CCB /* KsApi.framework */;
			productType = "com.apple.product-type.framework";
		};
		A7FD09C21C83E8E900332CCB /* KsApi-iOSTests */ = {
			isa = PBXNativeTarget;
			buildConfigurationList = A7FD09CC1C83E8E900332CCB /* Build configuration list for PBXNativeTarget "KsApi-iOSTests" */;
			buildPhases = (
				A7FD09C51C83E8E900332CCB /* Sources */,
				A7FD09C91C83E8E900332CCB /* Frameworks */,
				A7FD09CB1C83E8E900332CCB /* Resources */,
			);
			buildRules = (
			);
			dependencies = (
				A76077AD1CADC2C6001B39D0 /* PBXTargetDependency */,
				A7FD09D51C83E8FE00332CCB /* PBXTargetDependency */,
			);
			name = "KsApi-iOSTests";
			productName = KsApiTests;
			productReference = A7FD09D21C83E8E900332CCB /* KsApi-iOSTests.xctest */;
			productType = "com.apple.product-type.bundle.unit-test";
		};
		CA43C5F81BB358F200C180DA /* KsApi-tvOS */ = {
			isa = PBXNativeTarget;
			buildConfigurationList = CA43C60D1BB358F200C180DA /* Build configuration list for PBXNativeTarget "KsApi-tvOS" */;
			buildPhases = (
				CA43C5F41BB358F200C180DA /* Sources */,
				CA43C5F51BB358F200C180DA /* Frameworks */,
				CA43C5F61BB358F200C180DA /* Headers */,
				CA43C5F71BB358F200C180DA /* Resources */,
				A78539001CB6DB6B00385B73 /* swiftlint */,
			);
			buildRules = (
			);
			dependencies = (
				807571B81C88B52A00E7DA8A /* PBXTargetDependency */,
				807571BA1C88B52D00E7DA8A /* PBXTargetDependency */,
				A7937C5B1C8E3A6B00502F7C /* PBXTargetDependency */,
				A7937C7C1C8E3E1600502F7C /* PBXTargetDependency */,
			);
			name = "KsApi-tvOS";
			productName = KsApi;
			productReference = CA43C5F91BB358F200C180DA /* KsApi.framework */;
			productType = "com.apple.product-type.framework";
		};
/* End PBXNativeTarget section */

/* Begin PBXProject section */
		CA43C5F01BB358F200C180DA /* Project object */ = {
			isa = PBXProject;
			attributes = {
				LastSwiftUpdateCheck = 0720;
				LastUpgradeCheck = 0720;
				ORGANIZATIONNAME = Kickstarter;
				TargetAttributes = {
					A753B5681C2EED9800FDB616 = {
						CreatedOnToolsVersion = 7.2;
					};
					A7DB1D861C9F5401008244DA = {
						CreatedOnToolsVersion = 7.2.1;
					};
					CA43C5F81BB358F200C180DA = {
						CreatedOnToolsVersion = 7.1;
						DevelopmentTeam = 48YBP49Y5N;
					};
				};
			};
			buildConfigurationList = CA43C5F31BB358F200C180DA /* Build configuration list for PBXProject "KsApi" */;
			compatibilityVersion = "Xcode 3.2";
			developmentRegion = English;
			hasScannedForEncodings = 0;
			knownRegions = (
				en,
			);
			mainGroup = CA43C5EF1BB358F200C180DA;
			productRefGroup = CA43C5FA1BB358F200C180DA /* Products */;
			projectDirPath = "";
			projectReferences = (
				{
					ProductGroup = 807571821C88B4F800E7DA8A /* Products */;
					ProjectRef = 807571811C88B4F800E7DA8A /* Alamofire.xcodeproj */;
				},
				{
					ProductGroup = 8075719A1C88B4FD00E7DA8A /* Products */;
					ProjectRef = 807571991C88B4FD00E7DA8A /* Models.xcodeproj */;
				},
				{
					ProductGroup = A7937C431C8E3A4100502F7C /* Products */;
					ProjectRef = A7937C421C8E3A4100502F7C /* ReactiveCocoa.xcodeproj */;
				},
				{
					ProductGroup = A7937C5E1C8E3DF500502F7C /* Products */;
					ProjectRef = A7937C5D1C8E3DF500502F7C /* Result.xcodeproj */;
				},
			);
			projectRoot = "";
			targets = (
				A7FD096E1C83E74F00332CCB /* KsApi-iOS */,
				A7FD09C21C83E8E900332CCB /* KsApi-iOSTests */,
				CA43C5F81BB358F200C180DA /* KsApi-tvOS */,
				A753B5681C2EED9800FDB616 /* KsApi-tvOSTests */,
				A7DB1D861C9F5401008244DA /* KsApi-TestHelpers-iOS */,
				A7DB1D971C9F5848008244DA /* KsApi-TestHelpers-tvOS */,
			);
		};
/* End PBXProject section */

/* Begin PBXReferenceProxy section */
		8075718C1C88B4F800E7DA8A /* Alamofire.framework */ = {
			isa = PBXReferenceProxy;
			fileType = wrapper.framework;
			path = Alamofire.framework;
			remoteRef = 8075718B1C88B4F800E7DA8A /* PBXContainerItemProxy */;
			sourceTree = BUILT_PRODUCTS_DIR;
		};
		8075718E1C88B4F800E7DA8A /* Alamofire iOS Tests.xctest */ = {
			isa = PBXReferenceProxy;
			fileType = wrapper.cfbundle;
			path = "Alamofire iOS Tests.xctest";
			remoteRef = 8075718D1C88B4F800E7DA8A /* PBXContainerItemProxy */;
			sourceTree = BUILT_PRODUCTS_DIR;
		};
		807571901C88B4F800E7DA8A /* Alamofire.framework */ = {
			isa = PBXReferenceProxy;
			fileType = wrapper.framework;
			path = Alamofire.framework;
			remoteRef = 8075718F1C88B4F800E7DA8A /* PBXContainerItemProxy */;
			sourceTree = BUILT_PRODUCTS_DIR;
		};
		807571921C88B4F800E7DA8A /* Alamofire OSX Tests.xctest */ = {
			isa = PBXReferenceProxy;
			fileType = wrapper.cfbundle;
			path = "Alamofire OSX Tests.xctest";
			remoteRef = 807571911C88B4F800E7DA8A /* PBXContainerItemProxy */;
			sourceTree = BUILT_PRODUCTS_DIR;
		};
		807571941C88B4F800E7DA8A /* Alamofire.framework */ = {
			isa = PBXReferenceProxy;
			fileType = wrapper.framework;
			path = Alamofire.framework;
			remoteRef = 807571931C88B4F800E7DA8A /* PBXContainerItemProxy */;
			sourceTree = BUILT_PRODUCTS_DIR;
		};
		807571961C88B4F800E7DA8A /* Alamofire tvOS Tests.xctest */ = {
			isa = PBXReferenceProxy;
			fileType = wrapper.cfbundle;
			path = "Alamofire tvOS Tests.xctest";
			remoteRef = 807571951C88B4F800E7DA8A /* PBXContainerItemProxy */;
			sourceTree = BUILT_PRODUCTS_DIR;
		};
		807571981C88B4F800E7DA8A /* Alamofire.framework */ = {
			isa = PBXReferenceProxy;
			fileType = wrapper.framework;
			path = Alamofire.framework;
			remoteRef = 807571971C88B4F800E7DA8A /* PBXContainerItemProxy */;
			sourceTree = BUILT_PRODUCTS_DIR;
		};
		807571A11C88B4FD00E7DA8A /* Models.framework */ = {
			isa = PBXReferenceProxy;
			fileType = wrapper.framework;
			path = Models.framework;
			remoteRef = 807571A01C88B4FD00E7DA8A /* PBXContainerItemProxy */;
			sourceTree = BUILT_PRODUCTS_DIR;
		};
		807571A31C88B4FD00E7DA8A /* Models-iOSTests.xctest */ = {
			isa = PBXReferenceProxy;
			fileType = wrapper.cfbundle;
			path = "Models-iOSTests.xctest";
			remoteRef = 807571A21C88B4FD00E7DA8A /* PBXContainerItemProxy */;
			sourceTree = BUILT_PRODUCTS_DIR;
		};
		807571A51C88B4FD00E7DA8A /* Models.framework */ = {
			isa = PBXReferenceProxy;
			fileType = wrapper.framework;
			path = Models.framework;
			remoteRef = 807571A41C88B4FD00E7DA8A /* PBXContainerItemProxy */;
			sourceTree = BUILT_PRODUCTS_DIR;
		};
		807571A71C88B4FD00E7DA8A /* Models-tvOSTests.xctest */ = {
			isa = PBXReferenceProxy;
			fileType = wrapper.cfbundle;
			path = "Models-tvOSTests.xctest";
			remoteRef = 807571A61C88B4FD00E7DA8A /* PBXContainerItemProxy */;
			sourceTree = BUILT_PRODUCTS_DIR;
		};
		A7937C4C1C8E3A4100502F7C /* ReactiveCocoa.framework */ = {
			isa = PBXReferenceProxy;
			fileType = wrapper.framework;
			path = ReactiveCocoa.framework;
			remoteRef = A7937C4B1C8E3A4100502F7C /* PBXContainerItemProxy */;
			sourceTree = BUILT_PRODUCTS_DIR;
		};
		A7937C4E1C8E3A4100502F7C /* ReactiveCocoaTests.xctest */ = {
			isa = PBXReferenceProxy;
			fileType = wrapper.cfbundle;
			path = ReactiveCocoaTests.xctest;
			remoteRef = A7937C4D1C8E3A4100502F7C /* PBXContainerItemProxy */;
			sourceTree = BUILT_PRODUCTS_DIR;
		};
		A7937C501C8E3A4100502F7C /* ReactiveCocoa.framework */ = {
			isa = PBXReferenceProxy;
			fileType = wrapper.framework;
			path = ReactiveCocoa.framework;
			remoteRef = A7937C4F1C8E3A4100502F7C /* PBXContainerItemProxy */;
			sourceTree = BUILT_PRODUCTS_DIR;
		};
		A7937C521C8E3A4100502F7C /* ReactiveCocoaTests.xctest */ = {
			isa = PBXReferenceProxy;
			fileType = wrapper.cfbundle;
			path = ReactiveCocoaTests.xctest;
			remoteRef = A7937C511C8E3A4100502F7C /* PBXContainerItemProxy */;
			sourceTree = BUILT_PRODUCTS_DIR;
		};
		A7937C541C8E3A4100502F7C /* ReactiveCocoa.framework */ = {
			isa = PBXReferenceProxy;
			fileType = wrapper.framework;
			path = ReactiveCocoa.framework;
			remoteRef = A7937C531C8E3A4100502F7C /* PBXContainerItemProxy */;
			sourceTree = BUILT_PRODUCTS_DIR;
		};
		A7937C561C8E3A4100502F7C /* ReactiveCocoa.framework */ = {
			isa = PBXReferenceProxy;
			fileType = wrapper.framework;
			path = ReactiveCocoa.framework;
			remoteRef = A7937C551C8E3A4100502F7C /* PBXContainerItemProxy */;
			sourceTree = BUILT_PRODUCTS_DIR;
		};
		A7937C691C8E3DF500502F7C /* Result.framework */ = {
			isa = PBXReferenceProxy;
			fileType = wrapper.framework;
			path = Result.framework;
			remoteRef = A7937C681C8E3DF500502F7C /* PBXContainerItemProxy */;
			sourceTree = BUILT_PRODUCTS_DIR;
		};
		A7937C6B1C8E3DF500502F7C /* Result-MacTests.xctest */ = {
			isa = PBXReferenceProxy;
			fileType = wrapper.cfbundle;
			path = "Result-MacTests.xctest";
			remoteRef = A7937C6A1C8E3DF500502F7C /* PBXContainerItemProxy */;
			sourceTree = BUILT_PRODUCTS_DIR;
		};
		A7937C6D1C8E3DF500502F7C /* Result.framework */ = {
			isa = PBXReferenceProxy;
			fileType = wrapper.framework;
			path = Result.framework;
			remoteRef = A7937C6C1C8E3DF500502F7C /* PBXContainerItemProxy */;
			sourceTree = BUILT_PRODUCTS_DIR;
		};
		A7937C6F1C8E3DF500502F7C /* Result-iOSTests.xctest */ = {
			isa = PBXReferenceProxy;
			fileType = wrapper.cfbundle;
			path = "Result-iOSTests.xctest";
			remoteRef = A7937C6E1C8E3DF500502F7C /* PBXContainerItemProxy */;
			sourceTree = BUILT_PRODUCTS_DIR;
		};
		A7937C711C8E3DF500502F7C /* Result.framework */ = {
			isa = PBXReferenceProxy;
			fileType = wrapper.framework;
			path = Result.framework;
			remoteRef = A7937C701C8E3DF500502F7C /* PBXContainerItemProxy */;
			sourceTree = BUILT_PRODUCTS_DIR;
		};
		A7937C731C8E3DF500502F7C /* Result-tvOSTests.xctest */ = {
			isa = PBXReferenceProxy;
			fileType = wrapper.cfbundle;
			path = "Result-tvOSTests.xctest";
			remoteRef = A7937C721C8E3DF500502F7C /* PBXContainerItemProxy */;
			sourceTree = BUILT_PRODUCTS_DIR;
		};
		A7937C751C8E3DF500502F7C /* Result.framework */ = {
			isa = PBXReferenceProxy;
			fileType = wrapper.framework;
			path = Result.framework;
			remoteRef = A7937C741C8E3DF500502F7C /* PBXContainerItemProxy */;
			sourceTree = BUILT_PRODUCTS_DIR;
		};
		A7937C771C8E3DF500502F7C /* Result-watchOSTests.xctest */ = {
			isa = PBXReferenceProxy;
			fileType = wrapper.cfbundle;
			path = "Result-watchOSTests.xctest";
			remoteRef = A7937C761C8E3DF500502F7C /* PBXContainerItemProxy */;
			sourceTree = BUILT_PRODUCTS_DIR;
		};
		A7DB1D751C9F53D1008244DA /* Models_TestHelpers.framework */ = {
			isa = PBXReferenceProxy;
			fileType = wrapper.framework;
			path = Models_TestHelpers.framework;
			remoteRef = A7DB1D741C9F53D1008244DA /* PBXContainerItemProxy */;
			sourceTree = BUILT_PRODUCTS_DIR;
		};
		A7DB1D771C9F53D1008244DA /* Models_TestHelpers.framework */ = {
			isa = PBXReferenceProxy;
			fileType = wrapper.framework;
			path = Models_TestHelpers.framework;
			remoteRef = A7DB1D761C9F53D1008244DA /* PBXContainerItemProxy */;
			sourceTree = BUILT_PRODUCTS_DIR;
		};
/* End PBXReferenceProxy section */

/* Begin PBXResourcesBuildPhase section */
		A753B5671C2EED9800FDB616 /* Resources */ = {
			isa = PBXResourcesBuildPhase;
			buildActionMask = 2147483647;
			files = (
			);
			runOnlyForDeploymentPostprocessing = 0;
		};
		A7DB1D851C9F5401008244DA /* Resources */ = {
			isa = PBXResourcesBuildPhase;
			buildActionMask = 2147483647;
			files = (
			);
			runOnlyForDeploymentPostprocessing = 0;
		};
		A7DB1DA31C9F5848008244DA /* Resources */ = {
			isa = PBXResourcesBuildPhase;
			buildActionMask = 2147483647;
			files = (
			);
			runOnlyForDeploymentPostprocessing = 0;
		};
		A7FD098C1C83E74F00332CCB /* Resources */ = {
			isa = PBXResourcesBuildPhase;
			buildActionMask = 2147483647;
			files = (
			);
			runOnlyForDeploymentPostprocessing = 0;
		};
		A7FD09CB1C83E8E900332CCB /* Resources */ = {
			isa = PBXResourcesBuildPhase;
			buildActionMask = 2147483647;
			files = (
			);
			runOnlyForDeploymentPostprocessing = 0;
		};
		CA43C5F71BB358F200C180DA /* Resources */ = {
			isa = PBXResourcesBuildPhase;
			buildActionMask = 2147483647;
			files = (
			);
			runOnlyForDeploymentPostprocessing = 0;
		};
/* End PBXResourcesBuildPhase section */

/* Begin PBXShellScriptBuildPhase section */
		A78538EE1CB6DB6200385B73 /* swiftlint */ = {
			isa = PBXShellScriptBuildPhase;
			buildActionMask = 2147483647;
			files = (
			);
			inputPaths = (
			);
			name = swiftlint;
			outputPaths = (
			);
			runOnlyForDeploymentPostprocessing = 0;
			shellPath = /bin/sh;
			shellScript = "if which swiftlint >/dev/null; then\nswiftlint\nelse\necho \"SwiftLint does not exist, download from https://github.com/realm/SwiftLint\"\nfi";
		};
		A78539001CB6DB6B00385B73 /* swiftlint */ = {
			isa = PBXShellScriptBuildPhase;
			buildActionMask = 2147483647;
			files = (
			);
			inputPaths = (
			);
			name = swiftlint;
			outputPaths = (
			);
			runOnlyForDeploymentPostprocessing = 0;
			shellPath = /bin/sh;
			shellScript = "if which swiftlint >/dev/null; then\nswiftlint\nelse\necho \"SwiftLint does not exist, download from https://github.com/realm/SwiftLint\"\nfi";
		};
/* End PBXShellScriptBuildPhase section */

/* Begin PBXSourcesBuildPhase section */
		A753B5651C2EED9800FDB616 /* Sources */ = {
			isa = PBXSourcesBuildPhase;
			buildActionMask = 2147483647;
			files = (
				A745D0601CA8B13900C12802 /* DiscoveryParamsTests.swift in Sources */,
				A75EC8561CCBF0E7009BEC10 /* ConfigTests.swift in Sources */,
				A7BBF31D1C2F95E400AC62B4 /* ServiceTests.swift in Sources */,
				A753B56C1C2EED9800FDB616 /* KsApiTests.swift in Sources */,
				A76077961CADBD95001B39D0 /* ErrorEnvelopeTests.swift in Sources */,
				A745D0631CA8B5D500C12802 /* ServiceTypeTests.swift in Sources */,
			);
			runOnlyForDeploymentPostprocessing = 0;
		};
		A7DB1D821C9F5401008244DA /* Sources */ = {
			isa = PBXSourcesBuildPhase;
			buildActionMask = 2147483647;
			files = (
				0148EEBE1CDAAA24000DEFF8 /* ConfigFactory.swift in Sources */,
				A7DB1D901C9F540C008244DA /* MockService.swift in Sources */,
			);
			runOnlyForDeploymentPostprocessing = 0;
		};
		A7DB1D9C1C9F5848008244DA /* Sources */ = {
			isa = PBXSourcesBuildPhase;
			buildActionMask = 2147483647;
			files = (
				0148EEBF1CDAAA24000DEFF8 /* ConfigFactory.swift in Sources */,
				A7DB1D9D1C9F5848008244DA /* MockService.swift in Sources */,
			);
			runOnlyForDeploymentPostprocessing = 0;
		};
		A7FD096F1C83E74F00332CCB /* Sources */ = {
			isa = PBXSourcesBuildPhase;
			buildActionMask = 2147483647;
			files = (
				A7FD09701C83E74F00332CCB /* ServiceType.swift in Sources */,
				A7FD09711C83E74F00332CCB /* Alamofire.Request.swift in Sources */,
				A7E315A41C8891E2000DD85A /* Dictionary.swift in Sources */,
				A7FD09721C83E74F00332CCB /* OauthToken.swift in Sources */,
				A7FD09731C83E74F00332CCB /* StarEnvelope.swift in Sources */,
				A7FD09741C83E74F00332CCB /* Route.swift in Sources */,
				A7FD09751C83E74F00332CCB /* Service.swift in Sources */,
				A7FD09761C83E74F00332CCB /* CategoriesEnvelope.swift in Sources */,
				A71405081CAF49FF00A2795B /* CommentsEnvelope.swift in Sources */,
				A7376B361CE3D549003B50E3 /* MessageThreadEnvelope.swift in Sources */,
				A7FD09771C83E74F00332CCB /* Method.swift in Sources */,
				A7FD09781C83E74F00332CCB /* ErrorEnvelope.swift in Sources */,
				A7FD09791C83E74F00332CCB /* DiscoveryEnvelope.swift in Sources */,
				A7FD097A1C83E74F00332CCB /* AccessTokenEnvelope.swift in Sources */,
				A7FD097B1C83E74F00332CCB /* JSONObjectWithData.swift in Sources */,
				A7FD097C1C83E74F00332CCB /* BasicHTTPAuth.swift in Sources */,
				A7FD097D1C83E74F00332CCB /* ServerConfig.swift in Sources */,
				A75AB1991C8A3F6D002FC3E6 /* ActivityEnvelope.swift in Sources */,
				A75EC8411CCBF0C3009BEC10 /* Config.swift in Sources */,
				A7FD097F1C83E74F00332CCB /* ClientAuth.swift in Sources */,
				A7FD09801C83E74F00332CCB /* DiscoveryParams.swift in Sources */,
				A7A1CA951CDCCED30037AB20 /* MessageThreadsEnvelope.swift in Sources */,
			);
			runOnlyForDeploymentPostprocessing = 0;
		};
		A7FD09C51C83E8E900332CCB /* Sources */ = {
			isa = PBXSourcesBuildPhase;
			buildActionMask = 2147483647;
			files = (
				A745D05F1CA8B13900C12802 /* DiscoveryParamsTests.swift in Sources */,
				A75EC8551CCBF0E7009BEC10 /* ConfigTests.swift in Sources */,
				A7FD09C71C83E8E900332CCB /* ServiceTests.swift in Sources */,
				A7FD09C81C83E8E900332CCB /* KsApiTests.swift in Sources */,
				A76077951CADBD95001B39D0 /* ErrorEnvelopeTests.swift in Sources */,
				A745D0621CA8B5D500C12802 /* ServiceTypeTests.swift in Sources */,
			);
			runOnlyForDeploymentPostprocessing = 0;
		};
		CA43C5F41BB358F200C180DA /* Sources */ = {
			isa = PBXSourcesBuildPhase;
			buildActionMask = 2147483647;
			files = (
				A77967741C2B431C0002166F /* ServiceType.swift in Sources */,
				A77967751C2B431C0002166F /* Alamofire.Request.swift in Sources */,
				A7E315A51C8891E2000DD85A /* Dictionary.swift in Sources */,
				A77967881C2B44440002166F /* OauthToken.swift in Sources */,
				A779677F1C2B431C0002166F /* StarEnvelope.swift in Sources */,
				A77967791C2B431C0002166F /* Route.swift in Sources */,
				A77967731C2B431C0002166F /* Service.swift in Sources */,
				A779677B1C2B431C0002166F /* CategoriesEnvelope.swift in Sources */,
				A71405091CAF49FF00A2795B /* CommentsEnvelope.swift in Sources */,
				A7376B371CE3D549003B50E3 /* MessageThreadEnvelope.swift in Sources */,
				A713ECB81C2C59D400B6234E /* Method.swift in Sources */,
				A779677E1C2B431C0002166F /* ErrorEnvelope.swift in Sources */,
				A779677C1C2B431C0002166F /* DiscoveryEnvelope.swift in Sources */,
				A779677A1C2B431C0002166F /* AccessTokenEnvelope.swift in Sources */,
				A77967771C2B431C0002166F /* JSONObjectWithData.swift in Sources */,
				A77967841C2B43950002166F /* BasicHTTPAuth.swift in Sources */,
				A713EC9D1C2C51B600B6234E /* ServerConfig.swift in Sources */,
				A75AB19A1C8A3F6D002FC3E6 /* ActivityEnvelope.swift in Sources */,
				A75EC8421CCBF0C3009BEC10 /* Config.swift in Sources */,
				A77967861C2B43EC0002166F /* ClientAuth.swift in Sources */,
				A779677D1C2B431C0002166F /* DiscoveryParams.swift in Sources */,
				A7A1CA961CDCCED30037AB20 /* MessageThreadsEnvelope.swift in Sources */,
			);
			runOnlyForDeploymentPostprocessing = 0;
		};
/* End PBXSourcesBuildPhase section */

/* Begin PBXTargetDependency section */
		807571B81C88B52A00E7DA8A /* PBXTargetDependency */ = {
			isa = PBXTargetDependency;
			name = "Alamofire tvOS";
			targetProxy = 807571B71C88B52A00E7DA8A /* PBXContainerItemProxy */;
		};
		807571BA1C88B52D00E7DA8A /* PBXTargetDependency */ = {
			isa = PBXTargetDependency;
			name = "Models-tvOS";
			targetProxy = 807571B91C88B52D00E7DA8A /* PBXContainerItemProxy */;
		};
		807571C51C88B56800E7DA8A /* PBXTargetDependency */ = {
			isa = PBXTargetDependency;
			name = "Alamofire iOS";
			targetProxy = 807571C41C88B56800E7DA8A /* PBXContainerItemProxy */;
		};
		807571C71C88B56C00E7DA8A /* PBXTargetDependency */ = {
			isa = PBXTargetDependency;
			name = "Models-iOS";
			targetProxy = 807571C61C88B56C00E7DA8A /* PBXContainerItemProxy */;
		};
		A753B5701C2EED9800FDB616 /* PBXTargetDependency */ = {
			isa = PBXTargetDependency;
			target = CA43C5F81BB358F200C180DA /* KsApi-tvOS */;
			targetProxy = A753B56F1C2EED9800FDB616 /* PBXContainerItemProxy */;
		};
		A76077AD1CADC2C6001B39D0 /* PBXTargetDependency */ = {
			isa = PBXTargetDependency;
			target = A7DB1D861C9F5401008244DA /* KsApi-TestHelpers-iOS */;
			targetProxy = A76077AC1CADC2C6001B39D0 /* PBXContainerItemProxy */;
		};
		A76077C11CADC2D4001B39D0 /* PBXTargetDependency */ = {
			isa = PBXTargetDependency;
			target = A7DB1D971C9F5848008244DA /* KsApi-TestHelpers-tvOS */;
			targetProxy = A76077C01CADC2D4001B39D0 /* PBXContainerItemProxy */;
		};
		A782BAE61C9F60BE007B13C8 /* PBXTargetDependency */ = {
			isa = PBXTargetDependency;
			target = CA43C5F81BB358F200C180DA /* KsApi-tvOS */;
			targetProxy = A782BAE51C9F60BE007B13C8 /* PBXContainerItemProxy */;
		};
		A782BAE81C9F60C9007B13C8 /* PBXTargetDependency */ = {
			isa = PBXTargetDependency;
			name = "Models-TestHelpers-tvOS";
			targetProxy = A782BAE71C9F60C9007B13C8 /* PBXContainerItemProxy */;
		};
		A7937C591C8E3A5E00502F7C /* PBXTargetDependency */ = {
			isa = PBXTargetDependency;
			name = "ReactiveCocoa-iOS";
			targetProxy = A7937C581C8E3A5E00502F7C /* PBXContainerItemProxy */;
		};
		A7937C5B1C8E3A6B00502F7C /* PBXTargetDependency */ = {
			isa = PBXTargetDependency;
			name = "ReactiveCocoa-tvOS";
			targetProxy = A7937C5A1C8E3A6B00502F7C /* PBXContainerItemProxy */;
		};
		A7937C791C8E3E0000502F7C /* PBXTargetDependency */ = {
			isa = PBXTargetDependency;
			name = "Result-iOS";
			targetProxy = A7937C781C8E3E0000502F7C /* PBXContainerItemProxy */;
		};
		A7937C7C1C8E3E1600502F7C /* PBXTargetDependency */ = {
			isa = PBXTargetDependency;
			name = "Result-tvOS";
			targetProxy = A7937C7B1C8E3E1600502F7C /* PBXContainerItemProxy */;
		};
		A7DB1D921C9F5419008244DA /* PBXTargetDependency */ = {
			isa = PBXTargetDependency;
			target = A7FD096E1C83E74F00332CCB /* KsApi-iOS */;
			targetProxy = A7DB1D911C9F5419008244DA /* PBXContainerItemProxy */;
		};
		A7DB1D951C9F546D008244DA /* PBXTargetDependency */ = {
			isa = PBXTargetDependency;
			name = "Models-iOS-TestHelpers";
			targetProxy = A7DB1D941C9F546D008244DA /* PBXContainerItemProxy */;
		};
		A7FD09D51C83E8FE00332CCB /* PBXTargetDependency */ = {
			isa = PBXTargetDependency;
			target = A7FD096E1C83E74F00332CCB /* KsApi-iOS */;
			targetProxy = A7FD09D41C83E8FE00332CCB /* PBXContainerItemProxy */;
		};
/* End PBXTargetDependency section */

/* Begin XCBuildConfiguration section */
		A753B5721C2EED9800FDB616 /* Debug */ = {
			isa = XCBuildConfiguration;
			buildSettings = {
				APPLICATION_EXTENSION_API_ONLY = NO;
				FRAMEWORK_SEARCH_PATHS = "$(inherited)";
				INFOPLIST_FILE = KsApiTests/Info.plist;
				LD_RUNPATH_SEARCH_PATHS = "$(inherited) @executable_path/Frameworks @loader_path/Frameworks";
				PRODUCT_BUNDLE_IDENTIFIER = kickstarter.KsApiTests;
				PRODUCT_NAME = "$(TARGET_NAME)";
				SDKROOT = appletvos;
			};
			name = Debug;
		};
		A753B5761C2EED9800FDB616 /* Release */ = {
			isa = XCBuildConfiguration;
			buildSettings = {
				APPLICATION_EXTENSION_API_ONLY = NO;
				FRAMEWORK_SEARCH_PATHS = "$(inherited)";
				INFOPLIST_FILE = KsApiTests/Info.plist;
				LD_RUNPATH_SEARCH_PATHS = "$(inherited) @executable_path/Frameworks @loader_path/Frameworks";
				PRODUCT_BUNDLE_IDENTIFIER = kickstarter.KsApiTests;
				PRODUCT_NAME = "$(TARGET_NAME)";
				SDKROOT = appletvos;
			};
			name = Release;
		};
		A7DB1D8D1C9F5401008244DA /* Debug */ = {
			isa = XCBuildConfiguration;
			buildSettings = {
				CLANG_ENABLE_MODULES = YES;
				"CODE_SIGN_IDENTITY[sdk=iphoneos*]" = "iPhone Developer";
				DEFINES_MODULE = YES;
				DYLIB_COMPATIBILITY_VERSION = 1;
				DYLIB_CURRENT_VERSION = 1;
				DYLIB_INSTALL_NAME_BASE = "@rpath";
				ENABLE_BITCODE = NO;
				INFOPLIST_FILE = KsApi/Info.plist;
				INSTALL_PATH = "$(LOCAL_LIBRARY_DIR)/Frameworks";
				LD_RUNPATH_SEARCH_PATHS = "$(inherited) @executable_path/Frameworks @loader_path/Frameworks";
				PRODUCT_BUNDLE_IDENTIFIER = com.ksapi.testhelpers;
				PRODUCT_NAME = KsApi_TestHelpers;
				SDKROOT = iphoneos;
				SKIP_INSTALL = YES;
				SWIFT_OPTIMIZATION_LEVEL = "-Onone";
				TARGETED_DEVICE_FAMILY = "1,2";
			};
			name = Debug;
		};
		A7DB1D8E1C9F5401008244DA /* Release */ = {
			isa = XCBuildConfiguration;
			buildSettings = {
				CLANG_ENABLE_MODULES = YES;
				"CODE_SIGN_IDENTITY[sdk=iphoneos*]" = "iPhone Developer";
				DEFINES_MODULE = YES;
				DYLIB_COMPATIBILITY_VERSION = 1;
				DYLIB_CURRENT_VERSION = 1;
				DYLIB_INSTALL_NAME_BASE = "@rpath";
				ENABLE_BITCODE = NO;
				INFOPLIST_FILE = KsApi/Info.plist;
				INSTALL_PATH = "$(LOCAL_LIBRARY_DIR)/Frameworks";
				LD_RUNPATH_SEARCH_PATHS = "$(inherited) @executable_path/Frameworks @loader_path/Frameworks";
				PRODUCT_BUNDLE_IDENTIFIER = com.ksapi.testhelpers;
				PRODUCT_NAME = KsApi_TestHelpers;
				SDKROOT = iphoneos;
				SKIP_INSTALL = YES;
				TARGETED_DEVICE_FAMILY = "1,2";
			};
			name = Release;
		};
		A7DB1DA51C9F5848008244DA /* Debug */ = {
			isa = XCBuildConfiguration;
			buildSettings = {
				CLANG_ENABLE_MODULES = YES;
				"CODE_SIGN_IDENTITY[sdk=iphoneos*]" = "iPhone Developer";
				DEFINES_MODULE = YES;
				DYLIB_COMPATIBILITY_VERSION = 1;
				DYLIB_CURRENT_VERSION = 1;
				DYLIB_INSTALL_NAME_BASE = "@rpath";
				ENABLE_BITCODE = NO;
				INFOPLIST_FILE = KsApi/Info.plist;
				INSTALL_PATH = "$(LOCAL_LIBRARY_DIR)/Frameworks";
				LD_RUNPATH_SEARCH_PATHS = "$(inherited) @executable_path/Frameworks @loader_path/Frameworks";
				PRODUCT_BUNDLE_IDENTIFIER = com.ksapi.testhelpers;
				PRODUCT_NAME = KsApi_TestHelpers;
				SDKROOT = appletvos;
				SKIP_INSTALL = YES;
				SWIFT_OPTIMIZATION_LEVEL = "-Onone";
				TARGETED_DEVICE_FAMILY = "1,2";
			};
			name = Debug;
		};
		A7DB1DA61C9F5848008244DA /* Release */ = {
			isa = XCBuildConfiguration;
			buildSettings = {
				CLANG_ENABLE_MODULES = YES;
				"CODE_SIGN_IDENTITY[sdk=iphoneos*]" = "iPhone Developer";
				DEFINES_MODULE = YES;
				DYLIB_COMPATIBILITY_VERSION = 1;
				DYLIB_CURRENT_VERSION = 1;
				DYLIB_INSTALL_NAME_BASE = "@rpath";
				ENABLE_BITCODE = NO;
				INFOPLIST_FILE = KsApi/Info.plist;
				INSTALL_PATH = "$(LOCAL_LIBRARY_DIR)/Frameworks";
				LD_RUNPATH_SEARCH_PATHS = "$(inherited) @executable_path/Frameworks @loader_path/Frameworks";
				PRODUCT_BUNDLE_IDENTIFIER = com.ksapi.testhelpers;
				PRODUCT_NAME = KsApi_TestHelpers;
				SDKROOT = appletvos;
				SKIP_INSTALL = YES;
				TARGETED_DEVICE_FAMILY = "1,2";
			};
			name = Release;
		};
		A7FD09981C83E74F00332CCB /* Debug */ = {
			isa = XCBuildConfiguration;
			buildSettings = {
				CLANG_ENABLE_MODULES = YES;
				CODE_SIGN_IDENTITY = "iPhone Developer";
				DEFINES_MODULE = YES;
				DYLIB_COMPATIBILITY_VERSION = 1;
				DYLIB_CURRENT_VERSION = 1;
				DYLIB_INSTALL_NAME_BASE = "@rpath";
				INFOPLIST_FILE = KsApi/Info.plist;
				INSTALL_PATH = "$(LOCAL_LIBRARY_DIR)/Frameworks";
				LD_RUNPATH_SEARCH_PATHS = "$(inherited) @executable_path/Frameworks @loader_path/Frameworks";
				PRODUCT_BUNDLE_IDENTIFIER = com.kickstarter.KsApi;
				PROVISIONING_PROFILE = "";
				SDKROOT = iphoneos;
				SKIP_INSTALL = YES;
				TARGETED_DEVICE_FAMILY = "1,2";
			};
			name = Debug;
		};
		A7FD099C1C83E74F00332CCB /* Release */ = {
			isa = XCBuildConfiguration;
			buildSettings = {
				CLANG_ENABLE_MODULES = YES;
				CODE_SIGN_IDENTITY = "iPhone Distribution";
				DEFINES_MODULE = YES;
				DYLIB_COMPATIBILITY_VERSION = 1;
				DYLIB_CURRENT_VERSION = 1;
				DYLIB_INSTALL_NAME_BASE = "@rpath";
				INFOPLIST_FILE = KsApi/Info.plist;
				INSTALL_PATH = "$(LOCAL_LIBRARY_DIR)/Frameworks";
				LD_RUNPATH_SEARCH_PATHS = "$(inherited) @executable_path/Frameworks @loader_path/Frameworks";
				PRODUCT_BUNDLE_IDENTIFIER = com.kickstarter.KsApi;
				PROVISIONING_PROFILE = "";
				SDKROOT = iphoneos;
				SKIP_INSTALL = YES;
				TARGETED_DEVICE_FAMILY = "1,2";
			};
			name = Release;
		};
		A7FD09CD1C83E8E900332CCB /* Debug */ = {
			isa = XCBuildConfiguration;
			buildSettings = {
				APPLICATION_EXTENSION_API_ONLY = NO;
				FRAMEWORK_SEARCH_PATHS = "$(inherited)";
				INFOPLIST_FILE = KsApiTests/Info.plist;
				LD_RUNPATH_SEARCH_PATHS = "$(inherited) @executable_path/Frameworks @loader_path/Frameworks";
				PRODUCT_BUNDLE_IDENTIFIER = kickstarter.KsApiTests;
				PRODUCT_NAME = "$(TARGET_NAME)";
				SDKROOT = iphoneos;
				TARGETED_DEVICE_FAMILY = "1,2";
			};
			name = Debug;
		};
		A7FD09D11C83E8E900332CCB /* Release */ = {
			isa = XCBuildConfiguration;
			buildSettings = {
				APPLICATION_EXTENSION_API_ONLY = NO;
				FRAMEWORK_SEARCH_PATHS = "$(inherited)";
				INFOPLIST_FILE = KsApiTests/Info.plist;
				LD_RUNPATH_SEARCH_PATHS = "$(inherited) @executable_path/Frameworks @loader_path/Frameworks";
				PRODUCT_BUNDLE_IDENTIFIER = kickstarter.KsApiTests;
				PRODUCT_NAME = "$(TARGET_NAME)";
				SDKROOT = iphoneos;
				TARGETED_DEVICE_FAMILY = "1,2";
			};
			name = Release;
		};
		CA43C60B1BB358F200C180DA /* Debug */ = {
			isa = XCBuildConfiguration;
			buildSettings = {
				ALWAYS_SEARCH_USER_PATHS = NO;
				APPLICATION_EXTENSION_API_ONLY = YES;
				CLANG_CXX_LANGUAGE_STANDARD = "gnu++0x";
				CLANG_CXX_LIBRARY = "libc++";
				CLANG_ENABLE_MODULES = YES;
				CLANG_ENABLE_OBJC_ARC = YES;
				CLANG_WARN_BOOL_CONVERSION = YES;
				CLANG_WARN_CONSTANT_CONVERSION = YES;
				CLANG_WARN_DIRECT_OBJC_ISA_USAGE = YES_ERROR;
				CLANG_WARN_EMPTY_BODY = YES;
				CLANG_WARN_ENUM_CONVERSION = YES;
				CLANG_WARN_INT_CONVERSION = YES;
				CLANG_WARN_OBJC_ROOT_CLASS = YES_ERROR;
				CLANG_WARN_UNREACHABLE_CODE = YES;
				CLANG_WARN__DUPLICATE_METHOD_MATCH = YES;
				COPY_PHASE_STRIP = NO;
				CURRENT_PROJECT_VERSION = 1;
				DEBUG_INFORMATION_FORMAT = dwarf;
				DEFINES_MODULE = YES;
				ENABLE_BITCODE = YES;
				ENABLE_STRICT_OBJC_MSGSEND = YES;
				ENABLE_TESTABILITY = YES;
				GCC_C_LANGUAGE_STANDARD = gnu99;
				GCC_DYNAMIC_NO_PIC = NO;
				GCC_NO_COMMON_BLOCKS = YES;
				GCC_OPTIMIZATION_LEVEL = 0;
				GCC_PREPROCESSOR_DEFINITIONS = (
					"DEBUG=1",
					"$(inherited)",
				);
				GCC_WARN_64_TO_32_BIT_CONVERSION = YES;
				GCC_WARN_ABOUT_RETURN_TYPE = YES_ERROR;
				GCC_WARN_UNDECLARED_SELECTOR = YES;
				GCC_WARN_UNINITIALIZED_AUTOS = YES_AGGRESSIVE;
				GCC_WARN_UNUSED_FUNCTION = YES;
				GCC_WARN_UNUSED_VARIABLE = YES;
				IPHONEOS_DEPLOYMENT_TARGET = 9.0;
				MTL_ENABLE_DEBUG_INFO = YES;
				ONLY_ACTIVE_ARCH = YES;
				OTHER_SWIFT_FLAGS = "-Xfrontend -debug-time-function-bodies";
				PRODUCT_NAME = KsApi;
				STRIP_BITCODE_FROM_COPIED_FILES = NO;
				SWIFT_OPTIMIZATION_LEVEL = "-Onone";
				TARGETED_DEVICE_FAMILY = 3;
				TVOS_DEPLOYMENT_TARGET = 9.0;
				VERSIONING_SYSTEM = "apple-generic";
				VERSION_INFO_PREFIX = "";
			};
			name = Debug;
		};
		CA43C60C1BB358F200C180DA /* Release */ = {
			isa = XCBuildConfiguration;
			buildSettings = {
				ALWAYS_SEARCH_USER_PATHS = NO;
				APPLICATION_EXTENSION_API_ONLY = YES;
				CLANG_CXX_LANGUAGE_STANDARD = "gnu++0x";
				CLANG_CXX_LIBRARY = "libc++";
				CLANG_ENABLE_MODULES = YES;
				CLANG_ENABLE_OBJC_ARC = YES;
				CLANG_WARN_BOOL_CONVERSION = YES;
				CLANG_WARN_CONSTANT_CONVERSION = YES;
				CLANG_WARN_DIRECT_OBJC_ISA_USAGE = YES_ERROR;
				CLANG_WARN_EMPTY_BODY = YES;
				CLANG_WARN_ENUM_CONVERSION = YES;
				CLANG_WARN_INT_CONVERSION = YES;
				CLANG_WARN_OBJC_ROOT_CLASS = YES_ERROR;
				CLANG_WARN_UNREACHABLE_CODE = YES;
				CLANG_WARN__DUPLICATE_METHOD_MATCH = YES;
				COPY_PHASE_STRIP = NO;
				CURRENT_PROJECT_VERSION = 1;
				DEBUG_INFORMATION_FORMAT = "dwarf-with-dsym";
				DEFINES_MODULE = YES;
				ENABLE_BITCODE = YES;
				ENABLE_NS_ASSERTIONS = NO;
				ENABLE_STRICT_OBJC_MSGSEND = YES;
				GCC_C_LANGUAGE_STANDARD = gnu99;
				GCC_NO_COMMON_BLOCKS = YES;
				GCC_WARN_64_TO_32_BIT_CONVERSION = YES;
				GCC_WARN_ABOUT_RETURN_TYPE = YES_ERROR;
				GCC_WARN_UNDECLARED_SELECTOR = YES;
				GCC_WARN_UNINITIALIZED_AUTOS = YES_AGGRESSIVE;
				GCC_WARN_UNUSED_FUNCTION = YES;
				GCC_WARN_UNUSED_VARIABLE = YES;
				IPHONEOS_DEPLOYMENT_TARGET = 9.0;
				MTL_ENABLE_DEBUG_INFO = NO;
				OTHER_SWIFT_FLAGS = "-Xfrontend -debug-time-function-bodies";
				PRODUCT_NAME = KsApi;
				STRIP_BITCODE_FROM_COPIED_FILES = NO;
				SWIFT_OPTIMIZATION_LEVEL = "-Owholemodule";
				TARGETED_DEVICE_FAMILY = 3;
				TVOS_DEPLOYMENT_TARGET = 9.0;
				VALIDATE_PRODUCT = YES;
				VERSIONING_SYSTEM = "apple-generic";
				VERSION_INFO_PREFIX = "";
			};
			name = Release;
		};
		CA43C60E1BB358F200C180DA /* Debug */ = {
			isa = XCBuildConfiguration;
			buildSettings = {
				CLANG_ENABLE_MODULES = YES;
				CODE_SIGN_IDENTITY = "iPhone Developer";
				"CODE_SIGN_IDENTITY[sdk=appletvos*]" = "iPhone Developer";
				DEFINES_MODULE = YES;
				DYLIB_COMPATIBILITY_VERSION = 1;
				DYLIB_CURRENT_VERSION = 1;
				DYLIB_INSTALL_NAME_BASE = "@rpath";
				INFOPLIST_FILE = KsApi/Info.plist;
				INSTALL_PATH = "$(LOCAL_LIBRARY_DIR)/Frameworks";
				LD_RUNPATH_SEARCH_PATHS = "$(inherited) @executable_path/Frameworks @loader_path/Frameworks";
				PRODUCT_BUNDLE_IDENTIFIER = com.kickstarter.KsApi;
				PROVISIONING_PROFILE = "";
				SDKROOT = appletvos;
				SKIP_INSTALL = YES;
			};
			name = Debug;
		};
		CA43C60F1BB358F200C180DA /* Release */ = {
			isa = XCBuildConfiguration;
			buildSettings = {
				CLANG_ENABLE_MODULES = YES;
				CODE_SIGN_IDENTITY = "iPhone Developer";
				"CODE_SIGN_IDENTITY[sdk=appletvos*]" = "iPhone Developer";
				DEFINES_MODULE = YES;
				DYLIB_COMPATIBILITY_VERSION = 1;
				DYLIB_CURRENT_VERSION = 1;
				DYLIB_INSTALL_NAME_BASE = "@rpath";
				INFOPLIST_FILE = KsApi/Info.plist;
				INSTALL_PATH = "$(LOCAL_LIBRARY_DIR)/Frameworks";
				LD_RUNPATH_SEARCH_PATHS = "$(inherited) @executable_path/Frameworks @loader_path/Frameworks";
				PRODUCT_BUNDLE_IDENTIFIER = com.kickstarter.KsApi;
				PROVISIONING_PROFILE = "";
				SDKROOT = appletvos;
				SKIP_INSTALL = YES;
			};
			name = Release;
		};
/* End XCBuildConfiguration section */

/* Begin XCConfigurationList section */
		A753B5711C2EED9800FDB616 /* Build configuration list for PBXNativeTarget "KsApi-tvOSTests" */ = {
			isa = XCConfigurationList;
			buildConfigurations = (
				A753B5721C2EED9800FDB616 /* Debug */,
				A753B5761C2EED9800FDB616 /* Release */,
			);
			defaultConfigurationIsVisible = 0;
			defaultConfigurationName = Release;
		};
		A7DB1D8C1C9F5401008244DA /* Build configuration list for PBXNativeTarget "KsApi-TestHelpers-iOS" */ = {
			isa = XCConfigurationList;
			buildConfigurations = (
				A7DB1D8D1C9F5401008244DA /* Debug */,
				A7DB1D8E1C9F5401008244DA /* Release */,
			);
			defaultConfigurationIsVisible = 0;
			defaultConfigurationName = Release;
		};
		A7DB1DA41C9F5848008244DA /* Build configuration list for PBXNativeTarget "KsApi-TestHelpers-tvOS" */ = {
			isa = XCConfigurationList;
			buildConfigurations = (
				A7DB1DA51C9F5848008244DA /* Debug */,
				A7DB1DA61C9F5848008244DA /* Release */,
			);
			defaultConfigurationIsVisible = 0;
			defaultConfigurationName = Release;
		};
		A7FD09971C83E74F00332CCB /* Build configuration list for PBXNativeTarget "KsApi-iOS" */ = {
			isa = XCConfigurationList;
			buildConfigurations = (
				A7FD09981C83E74F00332CCB /* Debug */,
				A7FD099C1C83E74F00332CCB /* Release */,
			);
			defaultConfigurationIsVisible = 0;
			defaultConfigurationName = Release;
		};
		A7FD09CC1C83E8E900332CCB /* Build configuration list for PBXNativeTarget "KsApi-iOSTests" */ = {
			isa = XCConfigurationList;
			buildConfigurations = (
				A7FD09CD1C83E8E900332CCB /* Debug */,
				A7FD09D11C83E8E900332CCB /* Release */,
			);
			defaultConfigurationIsVisible = 0;
			defaultConfigurationName = Release;
		};
		CA43C5F31BB358F200C180DA /* Build configuration list for PBXProject "KsApi" */ = {
			isa = XCConfigurationList;
			buildConfigurations = (
				CA43C60B1BB358F200C180DA /* Debug */,
				CA43C60C1BB358F200C180DA /* Release */,
			);
			defaultConfigurationIsVisible = 0;
			defaultConfigurationName = Release;
		};
		CA43C60D1BB358F200C180DA /* Build configuration list for PBXNativeTarget "KsApi-tvOS" */ = {
			isa = XCConfigurationList;
			buildConfigurations = (
				CA43C60E1BB358F200C180DA /* Debug */,
				CA43C60F1BB358F200C180DA /* Release */,
			);
			defaultConfigurationIsVisible = 0;
			defaultConfigurationName = Release;
		};
/* End XCConfigurationList section */
	};
	rootObject = CA43C5F01BB358F200C180DA /* Project object */;
}
